// !$*UTF8*$!
{
	archiveVersion = 1;
	classes = {
	};
	objectVersion = 56;
	objects = {

/* Begin PBXBuildFile section */
		1800BC942ABD6C7000938336 /* EnterChallengeScene.swift in Sources */ = {isa = PBXBuildFile; fileRef = 1800BC932ABD6C7000938336 /* EnterChallengeScene.swift */; };
		180363AA2AB82DCD00082F8A /* igoMoneyApp.swift in Sources */ = {isa = PBXBuildFile; fileRef = 180363A92AB82DCD00082F8A /* igoMoneyApp.swift */; };
		180363AC2AB82DCD00082F8A /* MainScene.swift in Sources */ = {isa = PBXBuildFile; fileRef = 180363AB2AB82DCD00082F8A /* MainScene.swift */; };
		180363AE2AB82DCE00082F8A /* Assets.xcassets in Resources */ = {isa = PBXBuildFile; fileRef = 180363AD2AB82DCE00082F8A /* Assets.xcassets */; };
		180363B12AB82DCE00082F8A /* Preview Assets.xcassets in Resources */ = {isa = PBXBuildFile; fileRef = 180363B02AB82DCE00082F8A /* Preview Assets.xcassets */; };
		1803B9BD2ACA92A500D97495 /* Data + Extensions.swift in Sources */ = {isa = PBXBuildFile; fileRef = 1803B9BC2ACA92A500D97495 /* Data + Extensions.swift */; };
		1809AC3F2AD4371100FB044A /* UINavigationController + Extensions.swift in Sources */ = {isa = PBXBuildFile; fileRef = 1809AC3E2AD4371100FB044A /* UINavigationController + Extensions.swift */; };
		180FC67D2ABAF62500DD8477 /* AuthController.swift in Sources */ = {isa = PBXBuildFile; fileRef = 180FC67C2ABAF62500DD8477 /* AuthController.swift */; };
		180FC6872ABAFAED00DD8477 /* KakaoSDKAuth in Frameworks */ = {isa = PBXBuildFile; productRef = 180FC6862ABAFAED00DD8477 /* KakaoSDKAuth */; };
		180FC6892ABAFAED00DD8477 /* KakaoSDKCommon in Frameworks */ = {isa = PBXBuildFile; productRef = 180FC6882ABAFAED00DD8477 /* KakaoSDKCommon */; };
		180FC68B2ABAFAED00DD8477 /* KakaoSDKUser in Frameworks */ = {isa = PBXBuildFile; productRef = 180FC68A2ABAFAED00DD8477 /* KakaoSDKUser */; };
		180FC68D2ABB12FC00DD8477 /* UIApplication + Extensions.swift in Sources */ = {isa = PBXBuildFile; fileRef = 180FC68C2ABB12FC00DD8477 /* UIApplication + Extensions.swift */; };
		180FC68F2ABB14F900DD8477 /* KakaoService.plist in Resources */ = {isa = PBXBuildFile; fileRef = 180FC68E2ABB14F900DD8477 /* KakaoService.plist */; };
		180FC6912ABB157200DD8477 /* Bundle+Extensions.swift in Sources */ = {isa = PBXBuildFile; fileRef = 180FC6902ABB157200DD8477 /* Bundle+Extensions.swift */; };
		180FC6942ABB338600DD8477 /* RequestGenerator.swift in Sources */ = {isa = PBXBuildFile; fileRef = 180FC6932ABB338600DD8477 /* RequestGenerator.swift */; };
		180FC6972ABB35A800DD8477 /* HTTPMethod.swift in Sources */ = {isa = PBXBuildFile; fileRef = 180FC6962ABB35A800DD8477 /* HTTPMethod.swift */; };
		180FC6992ABB35C000DD8477 /* HTTPBody.swift in Sources */ = {isa = PBXBuildFile; fileRef = 180FC6982ABB35C000DD8477 /* HTTPBody.swift */; };
		180FC69B2ABB35D200DD8477 /* APIError.swift in Sources */ = {isa = PBXBuildFile; fileRef = 180FC69A2ABB35D200DD8477 /* APIError.swift */; };
		180FC69E2ABB488F00DD8477 /* UserClient.swift in Sources */ = {isa = PBXBuildFile; fileRef = 180FC69D2ABB488F00DD8477 /* UserClient.swift */; };
		180FC6A22ABB48DC00DD8477 /* Networking.swift in Sources */ = {isa = PBXBuildFile; fileRef = 180FC6A12ABB48DC00DD8477 /* Networking.swift */; };
		180FC6A42ABB4BC500DD8477 /* APIClient.swift in Sources */ = {isa = PBXBuildFile; fileRef = 180FC6A32ABB4BC500DD8477 /* APIClient.swift */; };
		181988AC2ACE72310021214C /* ChallengeClient.swift in Sources */ = {isa = PBXBuildFile; fileRef = 181988AB2ACE72310021214C /* ChallengeClient.swift */; };
		181988AE2ACE73F40021214C /* ChallengeClient + live.swift in Sources */ = {isa = PBXBuildFile; fileRef = 181988AD2ACE73F40021214C /* ChallengeClient + live.swift */; };
		181988B02ACE75CC0021214C /* DateFormatter + Extensions.swift in Sources */ = {isa = PBXBuildFile; fileRef = 181988AF2ACE75CC0021214C /* DateFormatter + Extensions.swift */; };
		181988B22ACE80850021214C /* ChallengeAPI.swift in Sources */ = {isa = PBXBuildFile; fileRef = 181988B12ACE80840021214C /* ChallengeAPI.swift */; };
		181F288D2B0E471800B499B2 /* NotificationScene.swift in Sources */ = {isa = PBXBuildFile; fileRef = 181F288C2B0E471800B499B2 /* NotificationScene.swift */; };
		181F288F2B0E472500B499B2 /* NotificationCore.swift in Sources */ = {isa = PBXBuildFile; fileRef = 181F288E2B0E472500B499B2 /* NotificationCore.swift */; };
		1827C1A62AC96AE000E658B6 /* Launch Screen.storyboard in Resources */ = {isa = PBXBuildFile; fileRef = 1827C1A52AC96AE000E658B6 /* Launch Screen.storyboard */; };
		182B1B5F2AD678D800D01DBA /* GenerateRoomScene.swift in Sources */ = {isa = PBXBuildFile; fileRef = 182B1B5E2AD678D800D01DBA /* GenerateRoomScene.swift */; };
		182B1B612AD6793F00D01DBA /* GenerateRoomCore.swift in Sources */ = {isa = PBXBuildFile; fileRef = 182B1B602AD6793F00D01DBA /* GenerateRoomCore.swift */; };
		182B1B632AD68C4200D01DBA /* IGOInputForm.swift in Sources */ = {isa = PBXBuildFile; fileRef = 182B1B622AD68C4200D01DBA /* IGOInputForm.swift */; };
		182B8CFB2AEA4C7A00ED8890 /* ExploreChallengeFilterHeaderSection.swift in Sources */ = {isa = PBXBuildFile; fileRef = 182B8CFA2AEA4C7A00ED8890 /* ExploreChallengeFilterHeaderSection.swift */; };
		182B8CFE2AEA601B00ED8890 /* ExploreChallengeFilterCore.swift in Sources */ = {isa = PBXBuildFile; fileRef = 182B8CFD2AEA601B00ED8890 /* ExploreChallengeFilterCore.swift */; };
		182B9E082AF9D08100B47CBA /* CreateChallengeRecordScene.swift in Sources */ = {isa = PBXBuildFile; fileRef = 182B9E072AF9D08100B47CBA /* CreateChallengeRecordScene.swift */; };
		182B9E0A2AFA476E00B47CBA /* CreateChallengeRecordCore.swift in Sources */ = {isa = PBXBuildFile; fileRef = 182B9E092AFA476E00B47CBA /* CreateChallengeRecordCore.swift */; };
		182B9E0D2AFA5B9900B47CBA /* RecordClient.swift in Sources */ = {isa = PBXBuildFile; fileRef = 182B9E0C2AFA5B9900B47CBA /* RecordClient.swift */; };
		182B9E0F2AFA5C1400B47CBA /* RecordClient + live.swift in Sources */ = {isa = PBXBuildFile; fileRef = 182B9E0E2AFA5C1400B47CBA /* RecordClient + live.swift */; };
		182B9E112AFA5CAE00B47CBA /* RecordAPI.swift in Sources */ = {isa = PBXBuildFile; fileRef = 182B9E102AFA5CAE00B47CBA /* RecordAPI.swift */; };
		1831694B2ADBD6DE0098638E /* IGOAlertCore.swift in Sources */ = {isa = PBXBuildFile; fileRef = 1831694A2ADBD6DE0098638E /* IGOAlertCore.swift */; };
		183169512ADBDAA20098638E /* EnterChallengeButtonCore.swift in Sources */ = {isa = PBXBuildFile; fileRef = 183169502ADBDAA20098638E /* EnterChallengeButtonCore.swift */; };
		183169532ADBDAC60098638E /* ChallengeInformationCore.swift in Sources */ = {isa = PBXBuildFile; fileRef = 183169522ADBDAC60098638E /* ChallengeInformationCore.swift */; };
		183169552ADBDAE40098638E /* EnterChallengeButton.swift in Sources */ = {isa = PBXBuildFile; fileRef = 183169542ADBDAE40098638E /* EnterChallengeButton.swift */; };
		183169572ADBDB200098638E /* ChallengeInformationCardView.swift in Sources */ = {isa = PBXBuildFile; fileRef = 183169562ADBDB200098638E /* ChallengeInformationCardView.swift */; };
		183169592ADBDB3F0098638E /* EnterChallengeNoticeView.swift in Sources */ = {isa = PBXBuildFile; fileRef = 183169582ADBDB3F0098638E /* EnterChallengeNoticeView.swift */; };
		1833D8A22AEAC78D002FBEDD /* ChallengeStatisticSection.swift in Sources */ = {isa = PBXBuildFile; fileRef = 1833D8A12AEAC78D002FBEDD /* ChallengeStatisticSection.swift */; };
		1833D8A42AEACDD1002FBEDD /* UserBadgeCounterCore.swift in Sources */ = {isa = PBXBuildFile; fileRef = 1833D8A32AEACDD1002FBEDD /* UserBadgeCounterCore.swift */; };
		1833D8A62AEACDE8002FBEDD /* UserBadgeCounterView.swift in Sources */ = {isa = PBXBuildFile; fileRef = 1833D8A52AEACDE8002FBEDD /* UserBadgeCounterView.swift */; };
		1833D8A82AEACDFD002FBEDD /* ChallengeCounterView.swift in Sources */ = {isa = PBXBuildFile; fileRef = 1833D8A72AEACDFD002FBEDD /* ChallengeCounterView.swift */; };
		1833D8AA2AEACE13002FBEDD /* ChallengeCounterCore.swift in Sources */ = {isa = PBXBuildFile; fileRef = 1833D8A92AEACE13002FBEDD /* ChallengeCounterCore.swift */; };
		183C7EB02AE569FC0054F9D3 /* ShareSheet.swift in Sources */ = {isa = PBXBuildFile; fileRef = 183C7EAF2AE569FC0054F9D3 /* ShareSheet.swift */; };
		183C7EB22AE578700054F9D3 /* EmailSendView.swift in Sources */ = {isa = PBXBuildFile; fileRef = 183C7EB12AE578700054F9D3 /* EmailSendView.swift */; };
		183D93542B0A3E4D00329F9E /* DeclarationScene.swift in Sources */ = {isa = PBXBuildFile; fileRef = 183D93532B0A3E4D00329F9E /* DeclarationScene.swift */; };
		183DF7D22AD7FE1F0041FB69 /* IGOTextField.swift in Sources */ = {isa = PBXBuildFile; fileRef = 183DF7D12AD7FE1F0041FB69 /* IGOTextField.swift */; };
		183DF7D42AD836560041FB69 /* View + Extensions.swift in Sources */ = {isa = PBXBuildFile; fileRef = 183DF7D32AD836560041FB69 /* View + Extensions.swift */; };
		183DF7D62AD83EA40041FB69 /* IGOBottomSheetView.swift in Sources */ = {isa = PBXBuildFile; fileRef = 183DF7D52AD83EA40041FB69 /* IGOBottomSheetView.swift */; };
		18416EF02AF093A50011E4C3 /* ChallengeRecordSection.swift in Sources */ = {isa = PBXBuildFile; fileRef = 18416EEF2AF093A50011E4C3 /* ChallengeRecordSection.swift */; };
		18497C1E2ABDEF6B0041C350 /* NavigationBar.swift in Sources */ = {isa = PBXBuildFile; fileRef = 18497C1D2ABDEF6B0041C350 /* NavigationBar.swift */; };
		18497C202ABDFB320041C350 /* IGOAlertView.swift in Sources */ = {isa = PBXBuildFile; fileRef = 18497C1F2ABDFB320041C350 /* IGOAlertView.swift */; };
		18599A432ABC12FF0075DE76 /* RoundedCorner.swift in Sources */ = {isa = PBXBuildFile; fileRef = 18599A422ABC12FF0075DE76 /* RoundedCorner.swift */; };
		18599A452ABC2A950075DE76 /* HomeCore.swift in Sources */ = {isa = PBXBuildFile; fileRef = 18599A442ABC2A950075DE76 /* HomeCore.swift */; };
		18599A492ABC32160075DE76 /* MyChallengeSection.swift in Sources */ = {isa = PBXBuildFile; fileRef = 18599A482ABC32160075DE76 /* MyChallengeSection.swift */; };
		18599A4B2ABC321E0075DE76 /* MyChallengeSectionCore.swift in Sources */ = {isa = PBXBuildFile; fileRef = 18599A4A2ABC321E0075DE76 /* MyChallengeSectionCore.swift */; };
		18599A4E2ABC32790075DE76 /* EmptyChallengeListSection.swift in Sources */ = {isa = PBXBuildFile; fileRef = 18599A4D2ABC32790075DE76 /* EmptyChallengeListSection.swift */; };
		18599A502ABC329C0075DE76 /* EmptyChallengeListSectionCore.swift in Sources */ = {isa = PBXBuildFile; fileRef = 18599A4F2ABC329C0075DE76 /* EmptyChallengeListSectionCore.swift */; };
		18599A532ABC34640075DE76 /* ChallengeInformation.swift in Sources */ = {isa = PBXBuildFile; fileRef = 18599A522ABC34640075DE76 /* ChallengeInformation.swift */; };
		18599A572ABC35C70075DE76 /* EmptyChallengeDetail.swift in Sources */ = {isa = PBXBuildFile; fileRef = 18599A562ABC35C70075DE76 /* EmptyChallengeDetail.swift */; };
		18599A5C2ABC46AF0075DE76 /* ExploreChallengeScene.swift in Sources */ = {isa = PBXBuildFile; fileRef = 18599A5B2ABC46AF0075DE76 /* ExploreChallengeScene.swift */; };
		18599A672ABC4E1B0075DE76 /* Pretendard-Regular.otf in Resources */ = {isa = PBXBuildFile; fileRef = 18599A662ABC4DE30075DE76 /* Pretendard-Regular.otf */; };
		18599A682ABC4E1B0075DE76 /* Pretendard-Light.otf in Resources */ = {isa = PBXBuildFile; fileRef = 18599A632ABC4DE30075DE76 /* Pretendard-Light.otf */; };
		18599A692ABC4E1B0075DE76 /* Pretendard-ExtraLight.otf in Resources */ = {isa = PBXBuildFile; fileRef = 18599A652ABC4DE30075DE76 /* Pretendard-ExtraLight.otf */; };
		18599A6A2ABC4E1B0075DE76 /* Pretendard-Medium.otf in Resources */ = {isa = PBXBuildFile; fileRef = 18599A612ABC4DE30075DE76 /* Pretendard-Medium.otf */; };
		18599A6B2ABC4E1B0075DE76 /* Pretendard-ExtraBold.otf in Resources */ = {isa = PBXBuildFile; fileRef = 18599A602ABC4DE30075DE76 /* Pretendard-ExtraBold.otf */; };
		18599A6C2ABC4E1B0075DE76 /* Pretendard-SemiBold.otf in Resources */ = {isa = PBXBuildFile; fileRef = 18599A5F2ABC4DE30075DE76 /* Pretendard-SemiBold.otf */; };
		18599A6D2ABC4E1B0075DE76 /* Pretendard-Thin.otf in Resources */ = {isa = PBXBuildFile; fileRef = 18599A5E2ABC4DE30075DE76 /* Pretendard-Thin.otf */; };
		18599A6E2ABC4E1B0075DE76 /* Pretendard-Black.otf in Resources */ = {isa = PBXBuildFile; fileRef = 18599A622ABC4DE30075DE76 /* Pretendard-Black.otf */; };
		18599A6F2ABC4E1B0075DE76 /* Pretendard-Bold.otf in Resources */ = {isa = PBXBuildFile; fileRef = 18599A642ABC4DE30075DE76 /* Pretendard-Bold.otf */; };
		18599A712ABC505A0075DE76 /* Font + Extensions.swift in Sources */ = {isa = PBXBuildFile; fileRef = 18599A702ABC505A0075DE76 /* Font + Extensions.swift */; };
		18599A732ABC8FA40075DE76 /* ExploreChallengeCore.swift in Sources */ = {isa = PBXBuildFile; fileRef = 18599A722ABC8FA40075DE76 /* ExploreChallengeCore.swift */; };
		18599A752ABC98780075DE76 /* ExploreChallengeDetail.swift in Sources */ = {isa = PBXBuildFile; fileRef = 18599A742ABC98780075DE76 /* ExploreChallengeDetail.swift */; };
		185CF48B2ABF40E500B72237 /* LineHeight.swift in Sources */ = {isa = PBXBuildFile; fileRef = 185CF48A2ABF40E500B72237 /* LineHeight.swift */; };
		18606F492AB9D20A00025C37 /* ProfileSettingCore.swift in Sources */ = {isa = PBXBuildFile; fileRef = 18606F482AB9D20A00025C37 /* ProfileSettingCore.swift */; };
		1865C41A2AC14AAF006B5B8A /* Date + Extensions.swift in Sources */ = {isa = PBXBuildFile; fileRef = 1865C4192AC14AAF006B5B8A /* Date + Extensions.swift */; };
		187252C72ABC07AE00DCF08C /* MainTab.swift in Sources */ = {isa = PBXBuildFile; fileRef = 187252C62ABC07AE00DCF08C /* MainTab.swift */; };
		187252C92ABC07C700DCF08C /* MainCore.swift in Sources */ = {isa = PBXBuildFile; fileRef = 187252C82ABC07C700DCF08C /* MainCore.swift */; };
		187252CB2ABC081F00DCF08C /* IGORoundTabBar.swift in Sources */ = {isa = PBXBuildFile; fileRef = 187252CA2ABC081F00DCF08C /* IGORoundTabBar.swift */; };
		187252CE2ABC0B7B00DCF08C /* HomeScene.swift in Sources */ = {isa = PBXBuildFile; fileRef = 187252CD2ABC0B7B00DCF08C /* HomeScene.swift */; };
		187252D12ABC0BA800DCF08C /* MyPageScene.swift in Sources */ = {isa = PBXBuildFile; fileRef = 187252D02ABC0BA800DCF08C /* MyPageScene.swift */; };
		188103992AE4FD50003EBE95 /* UserProfileSection.swift in Sources */ = {isa = PBXBuildFile; fileRef = 188103982AE4FD50003EBE95 /* UserProfileSection.swift */; };
		1881039B2AE4FD59003EBE95 /* UserProfileCore.swift in Sources */ = {isa = PBXBuildFile; fileRef = 1881039A2AE4FD59003EBE95 /* UserProfileCore.swift */; };
		1881039D2AE4FEEE003EBE95 /* ChallengeStatus.swift in Sources */ = {isa = PBXBuildFile; fileRef = 1881039C2AE4FEEE003EBE95 /* ChallengeStatus.swift */; };
		1881039F2AE507B3003EBE95 /* URLImage.swift in Sources */ = {isa = PBXBuildFile; fileRef = 1881039E2AE507B3003EBE95 /* URLImage.swift */; };
		188103A62AE539FD003EBE95 /* ImageClient.swift in Sources */ = {isa = PBXBuildFile; fileRef = 188103A52AE539FD003EBE95 /* ImageClient.swift */; };
		188103A82AE53A65003EBE95 /* ImageClient + live.swift in Sources */ = {isa = PBXBuildFile; fileRef = 188103A72AE53A65003EBE95 /* ImageClient + live.swift */; };
		188103AA2AE53ABD003EBE95 /* ImageLoadAPI.swift in Sources */ = {isa = PBXBuildFile; fileRef = 188103A92AE53ABD003EBE95 /* ImageLoadAPI.swift */; };
		1882632A2AE7BD6000100D53 /* UIImage + Extensions.swift in Sources */ = {isa = PBXBuildFile; fileRef = 188263292AE7BD6000100D53 /* UIImage + Extensions.swift */; };
		189440862ABED3C200BE1205 /* IGOBannerView.swift in Sources */ = {isa = PBXBuildFile; fileRef = 189440852ABED3C200BE1205 /* IGOBannerView.swift */; };
		189A2D8B2B025154002FE343 /* GoogleService-Info.plist in Resources */ = {isa = PBXBuildFile; fileRef = 189A2D8A2B025154002FE343 /* GoogleService-Info.plist */; };
		189A2D8E2B025204002FE343 /* FirebaseAnalytics in Frameworks */ = {isa = PBXBuildFile; productRef = 189A2D8D2B025204002FE343 /* FirebaseAnalytics */; };
		189A2D902B025204002FE343 /* FirebaseInAppMessaging-Beta in Frameworks */ = {isa = PBXBuildFile; productRef = 189A2D8F2B025204002FE343 /* FirebaseInAppMessaging-Beta */; };
		189A2D922B025204002FE343 /* FirebaseInAppMessagingSwift-Beta in Frameworks */ = {isa = PBXBuildFile; productRef = 189A2D912B025204002FE343 /* FirebaseInAppMessagingSwift-Beta */; };
		189A2D942B025204002FE343 /* FirebaseInstallations in Frameworks */ = {isa = PBXBuildFile; productRef = 189A2D932B025204002FE343 /* FirebaseInstallations */; };
		189A2D962B025204002FE343 /* FirebaseMLModelDownloader in Frameworks */ = {isa = PBXBuildFile; productRef = 189A2D952B025204002FE343 /* FirebaseMLModelDownloader */; };
		189A2D982B025204002FE343 /* FirebaseMessaging in Frameworks */ = {isa = PBXBuildFile; productRef = 189A2D972B025204002FE343 /* FirebaseMessaging */; };
		189A2D9A2B025204002FE343 /* FirebasePerformance in Frameworks */ = {isa = PBXBuildFile; productRef = 189A2D992B025204002FE343 /* FirebasePerformance */; };
		189A2D9C2B025204002FE343 /* FirebaseRemoteConfig in Frameworks */ = {isa = PBXBuildFile; productRef = 189A2D9B2B025204002FE343 /* FirebaseRemoteConfig */; };
		189A2D9E2B025204002FE343 /* FirebaseStorageCombine-Community in Frameworks */ = {isa = PBXBuildFile; productRef = 189A2D9D2B025204002FE343 /* FirebaseStorageCombine-Community */; };
		18A152272AC96E3A00B8B8A4 /* AuthToken.swift in Sources */ = {isa = PBXBuildFile; fileRef = 18A152262AC96E3A00B8B8A4 /* AuthToken.swift */; };
		18A1522B2AC9757C00B8B8A4 /* MultipartForm.swift in Sources */ = {isa = PBXBuildFile; fileRef = 18A1522A2AC9757C00B8B8A4 /* MultipartForm.swift */; };
		18A1522F2AC97F9E00B8B8A4 /* MyPageCore.swift in Sources */ = {isa = PBXBuildFile; fileRef = 18A1522E2AC97F9E00B8B8A4 /* MyPageCore.swift */; };
		18A152322AC97FDF00B8B8A4 /* GeneralSettingScene.swift in Sources */ = {isa = PBXBuildFile; fileRef = 18A152312AC97FDF00B8B8A4 /* GeneralSettingScene.swift */; };
		18A152342AC9800900B8B8A4 /* GeneralSettingCore.swift in Sources */ = {isa = PBXBuildFile; fileRef = 18A152332AC9800900B8B8A4 /* GeneralSettingCore.swift */; };
		18A152362AC9833C00B8B8A4 /* Setting.swift in Sources */ = {isa = PBXBuildFile; fileRef = 18A152352AC9833C00B8B8A4 /* Setting.swift */; };
		18B437772AC16E410026A71E /* UserClient + live.swift in Sources */ = {isa = PBXBuildFile; fileRef = 18B437762AC16E410026A71E /* UserClient + live.swift */; };
		18B4377A2AC170B30026A71E /* AuthAPI.swift in Sources */ = {isa = PBXBuildFile; fileRef = 18B437792AC170B30026A71E /* AuthAPI.swift */; };
		18B4377D2AC17ED10026A71E /* KeyChainClient.swift in Sources */ = {isa = PBXBuildFile; fileRef = 18B4377C2AC17ED10026A71E /* KeyChainClient.swift */; };
		18B6306A2AC408A300F638C0 /* AppView.swift in Sources */ = {isa = PBXBuildFile; fileRef = 18B630692AC408A300F638C0 /* AppView.swift */; };
		18B6306C2AC408A800F638C0 /* AppCore.swift in Sources */ = {isa = PBXBuildFile; fileRef = 18B6306B2AC408A800F638C0 /* AppCore.swift */; };
		18B8DB342ABD8B3500EC5CB2 /* EnterChallengeCore.swift in Sources */ = {isa = PBXBuildFile; fileRef = 18B8DB332ABD8B3500EC5CB2 /* EnterChallengeCore.swift */; };
		18C503152B025AB20006499A /* ChallengeDetailDialog.swift in Sources */ = {isa = PBXBuildFile; fileRef = 18C503142B025AB20006499A /* ChallengeDetailDialog.swift */; };
		18CD8F272AB970C3006FEA6F /* AuthCore.swift in Sources */ = {isa = PBXBuildFile; fileRef = 18CD8F262AB970C3006FEA6F /* AuthCore.swift */; };
		18CD8F2B2AB98249006FEA6F /* AgreeTermsView.swift in Sources */ = {isa = PBXBuildFile; fileRef = 18CD8F2A2AB98249006FEA6F /* AgreeTermsView.swift */; };
		18CD8F2D2AB995F5006FEA6F /* AgreeTermsCore.swift in Sources */ = {isa = PBXBuildFile; fileRef = 18CD8F2C2AB995F5006FEA6F /* AgreeTermsCore.swift */; };
		18CD8F302AB9A1EF006FEA6F /* Provier.swift in Sources */ = {isa = PBXBuildFile; fileRef = 18CD8F2F2AB9A1EF006FEA6F /* Provier.swift */; };
		18CD8F322AB9A57D006FEA6F /* Constants.swift in Sources */ = {isa = PBXBuildFile; fileRef = 18CD8F312AB9A57D006FEA6F /* Constants.swift */; };
		18CD8F352AB9BC58006FEA6F /* ProfileInitialSettingScene.swift in Sources */ = {isa = PBXBuildFile; fileRef = 18CD8F342AB9BC58006FEA6F /* ProfileInitialSettingScene.swift */; };
		18D623662AB8A8AA006EAC39 /* ComposableArchitecture in Frameworks */ = {isa = PBXBuildFile; productRef = 18D623652AB8A8AA006EAC39 /* ComposableArchitecture */; };
		18D623692AB8A919006EAC39 /* AuthScene.swift in Sources */ = {isa = PBXBuildFile; fileRef = 18D623682AB8A919006EAC39 /* AuthScene.swift */; };
		18D6236C2AB8BACD006EAC39 /* IGOAuthButton.swift in Sources */ = {isa = PBXBuildFile; fileRef = 18D6236B2AB8BACD006EAC39 /* IGOAuthButton.swift */; };
		18EF46C62AE8FD7900EA949E /* IGOToggleStyle.swift in Sources */ = {isa = PBXBuildFile; fileRef = 18EF46C52AE8FD7900EA949E /* IGOToggleStyle.swift */; };
		18EF46CA2AE8FEA700EA949E /* GeneralToggleCell.swift in Sources */ = {isa = PBXBuildFile; fileRef = 18EF46C92AE8FEA700EA949E /* GeneralToggleCell.swift */; };
		18EF46CC2AE921B900EA949E /* AuthSettingScene.swift in Sources */ = {isa = PBXBuildFile; fileRef = 18EF46CB2AE921B900EA949E /* AuthSettingScene.swift */; };
		18EF46CE2AE924DE00EA949E /* AuthSettingCore.swift in Sources */ = {isa = PBXBuildFile; fileRef = 18EF46CD2AE924DE00EA949E /* AuthSettingCore.swift */; };
		18F252212AFE59CD00892961 /* ChallengeRecordSectionCore.swift in Sources */ = {isa = PBXBuildFile; fileRef = 18F252202AFE59CD00892961 /* ChallengeRecordSectionCore.swift */; };
		18F252262AFE5C9000892961 /* ChallengeListView.swift in Sources */ = {isa = PBXBuildFile; fileRef = 18F252252AFE5C9000892961 /* ChallengeListView.swift */; };
		18F332172AE6590A008C415E /* ProfileSettingScene.swift in Sources */ = {isa = PBXBuildFile; fileRef = 18F332162AE6590A008C415E /* ProfileSettingScene.swift */; };
		18F3321A2AE69F6E008C415E /* NickNameInputView.swift in Sources */ = {isa = PBXBuildFile; fileRef = 18F332192AE69F6E008C415E /* NickNameInputView.swift */; };
		18F3321C2AE69F99008C415E /* NickNameCheckDuplicateCore.swift in Sources */ = {isa = PBXBuildFile; fileRef = 18F3321B2AE69F99008C415E /* NickNameCheckDuplicateCore.swift */; };
		18F332202AE6ABD0008C415E /* IGOPhotoPicker.swift in Sources */ = {isa = PBXBuildFile; fileRef = 18F3321F2AE6ABD0008C415E /* IGOPhotoPicker.swift */; };
		18F55C922ADD942800DE50C4 /* AuthClient.swift in Sources */ = {isa = PBXBuildFile; fileRef = 18F55C912ADD942800DE50C4 /* AuthClient.swift */; };
		18F55C942ADD94B700DE50C4 /* AuthClient + live.swift in Sources */ = {isa = PBXBuildFile; fileRef = 18F55C932ADD94B700DE50C4 /* AuthClient + live.swift */; };
		18F55C9F2ADDAA4200DE50C4 /* ExploreChallengeFilterSection.swift in Sources */ = {isa = PBXBuildFile; fileRef = 18F55C9E2ADDAA4200DE50C4 /* ExploreChallengeFilterSection.swift */; };
		18F55CA12ADDAA5C00DE50C4 /* ExploreChallengeCellView.swift in Sources */ = {isa = PBXBuildFile; fileRef = 18F55CA02ADDAA5C00DE50C4 /* ExploreChallengeCellView.swift */; };
		18F6BB702AEF3BF000AB0F1B /* ParticipatingChallengeScene.swift in Sources */ = {isa = PBXBuildFile; fileRef = 18F6BB6F2AEF3BF000AB0F1B /* ParticipatingChallengeScene.swift */; };
		18F6BB732AEF51E600AB0F1B /* ParticipatingChallengeResultSection.swift in Sources */ = {isa = PBXBuildFile; fileRef = 18F6BB722AEF51E600AB0F1B /* ParticipatingChallengeResultSection.swift */; };
		18F6BB752AEF524200AB0F1B /* ParticipatingChallengeCore.swift in Sources */ = {isa = PBXBuildFile; fileRef = 18F6BB742AEF524200AB0F1B /* ParticipatingChallengeCore.swift */; };
		18F6BB772AEF586500AB0F1B /* ParticipatingChallengeResultSectionCore.swift in Sources */ = {isa = PBXBuildFile; fileRef = 18F6BB762AEF586500AB0F1B /* ParticipatingChallengeResultSectionCore.swift */; };
/* End PBXBuildFile section */

/* Begin PBXFileReference section */
		1800BC932ABD6C7000938336 /* EnterChallengeScene.swift */ = {isa = PBXFileReference; lastKnownFileType = sourcecode.swift; path = EnterChallengeScene.swift; sourceTree = "<group>"; };
		180363A62AB82DCD00082F8A /* igoMoney.app */ = {isa = PBXFileReference; explicitFileType = wrapper.application; includeInIndex = 0; path = igoMoney.app; sourceTree = BUILT_PRODUCTS_DIR; };
		180363A92AB82DCD00082F8A /* igoMoneyApp.swift */ = {isa = PBXFileReference; lastKnownFileType = sourcecode.swift; path = igoMoneyApp.swift; sourceTree = "<group>"; };
		180363AB2AB82DCD00082F8A /* MainScene.swift */ = {isa = PBXFileReference; lastKnownFileType = sourcecode.swift; path = MainScene.swift; sourceTree = "<group>"; };
		180363AD2AB82DCE00082F8A /* Assets.xcassets */ = {isa = PBXFileReference; lastKnownFileType = folder.assetcatalog; path = Assets.xcassets; sourceTree = "<group>"; };
		180363B02AB82DCE00082F8A /* Preview Assets.xcassets */ = {isa = PBXFileReference; lastKnownFileType = folder.assetcatalog; path = "Preview Assets.xcassets"; sourceTree = "<group>"; };
		1803B9BC2ACA92A500D97495 /* Data + Extensions.swift */ = {isa = PBXFileReference; lastKnownFileType = sourcecode.swift; path = "Data + Extensions.swift"; sourceTree = "<group>"; };
		1809AC3E2AD4371100FB044A /* UINavigationController + Extensions.swift */ = {isa = PBXFileReference; fileEncoding = 4; lastKnownFileType = sourcecode.swift; path = "UINavigationController + Extensions.swift"; sourceTree = "<group>"; };
		180FC67C2ABAF62500DD8477 /* AuthController.swift */ = {isa = PBXFileReference; lastKnownFileType = sourcecode.swift; path = AuthController.swift; sourceTree = "<group>"; };
		180FC68C2ABB12FC00DD8477 /* UIApplication + Extensions.swift */ = {isa = PBXFileReference; lastKnownFileType = sourcecode.swift; path = "UIApplication + Extensions.swift"; sourceTree = "<group>"; };
		180FC68E2ABB14F900DD8477 /* KakaoService.plist */ = {isa = PBXFileReference; lastKnownFileType = text.plist.xml; path = KakaoService.plist; sourceTree = "<group>"; };
		180FC6902ABB157200DD8477 /* Bundle+Extensions.swift */ = {isa = PBXFileReference; lastKnownFileType = sourcecode.swift; path = "Bundle+Extensions.swift"; sourceTree = "<group>"; };
		180FC6932ABB338600DD8477 /* RequestGenerator.swift */ = {isa = PBXFileReference; lastKnownFileType = sourcecode.swift; path = RequestGenerator.swift; sourceTree = "<group>"; };
		180FC6962ABB35A800DD8477 /* HTTPMethod.swift */ = {isa = PBXFileReference; lastKnownFileType = sourcecode.swift; path = HTTPMethod.swift; sourceTree = "<group>"; };
		180FC6982ABB35C000DD8477 /* HTTPBody.swift */ = {isa = PBXFileReference; lastKnownFileType = sourcecode.swift; path = HTTPBody.swift; sourceTree = "<group>"; };
		180FC69A2ABB35D200DD8477 /* APIError.swift */ = {isa = PBXFileReference; lastKnownFileType = sourcecode.swift; path = APIError.swift; sourceTree = "<group>"; };
		180FC69D2ABB488F00DD8477 /* UserClient.swift */ = {isa = PBXFileReference; lastKnownFileType = sourcecode.swift; path = UserClient.swift; sourceTree = "<group>"; };
		180FC6A12ABB48DC00DD8477 /* Networking.swift */ = {isa = PBXFileReference; lastKnownFileType = sourcecode.swift; path = Networking.swift; sourceTree = "<group>"; };
		180FC6A32ABB4BC500DD8477 /* APIClient.swift */ = {isa = PBXFileReference; lastKnownFileType = sourcecode.swift; path = APIClient.swift; sourceTree = "<group>"; };
		181988AB2ACE72310021214C /* ChallengeClient.swift */ = {isa = PBXFileReference; lastKnownFileType = sourcecode.swift; path = ChallengeClient.swift; sourceTree = "<group>"; };
		181988AD2ACE73F40021214C /* ChallengeClient + live.swift */ = {isa = PBXFileReference; lastKnownFileType = sourcecode.swift; path = "ChallengeClient + live.swift"; sourceTree = "<group>"; };
		181988AF2ACE75CC0021214C /* DateFormatter + Extensions.swift */ = {isa = PBXFileReference; lastKnownFileType = sourcecode.swift; path = "DateFormatter + Extensions.swift"; sourceTree = "<group>"; };
		181988B12ACE80840021214C /* ChallengeAPI.swift */ = {isa = PBXFileReference; lastKnownFileType = sourcecode.swift; path = ChallengeAPI.swift; sourceTree = "<group>"; };
		181F288C2B0E471800B499B2 /* NotificationScene.swift */ = {isa = PBXFileReference; lastKnownFileType = sourcecode.swift; path = NotificationScene.swift; sourceTree = "<group>"; };
		181F288E2B0E472500B499B2 /* NotificationCore.swift */ = {isa = PBXFileReference; lastKnownFileType = sourcecode.swift; path = NotificationCore.swift; sourceTree = "<group>"; };
		1827C1A52AC96AE000E658B6 /* Launch Screen.storyboard */ = {isa = PBXFileReference; lastKnownFileType = file.storyboard; path = "Launch Screen.storyboard"; sourceTree = "<group>"; };
		182B1B5E2AD678D800D01DBA /* GenerateRoomScene.swift */ = {isa = PBXFileReference; lastKnownFileType = sourcecode.swift; path = GenerateRoomScene.swift; sourceTree = "<group>"; };
		182B1B602AD6793F00D01DBA /* GenerateRoomCore.swift */ = {isa = PBXFileReference; lastKnownFileType = sourcecode.swift; path = GenerateRoomCore.swift; sourceTree = "<group>"; };
		182B1B622AD68C4200D01DBA /* IGOInputForm.swift */ = {isa = PBXFileReference; lastKnownFileType = sourcecode.swift; path = IGOInputForm.swift; sourceTree = "<group>"; };
		182B8CFA2AEA4C7A00ED8890 /* ExploreChallengeFilterHeaderSection.swift */ = {isa = PBXFileReference; lastKnownFileType = sourcecode.swift; path = ExploreChallengeFilterHeaderSection.swift; sourceTree = "<group>"; };
		182B8CFD2AEA601B00ED8890 /* ExploreChallengeFilterCore.swift */ = {isa = PBXFileReference; lastKnownFileType = sourcecode.swift; path = ExploreChallengeFilterCore.swift; sourceTree = "<group>"; };
		182B9E072AF9D08100B47CBA /* CreateChallengeRecordScene.swift */ = {isa = PBXFileReference; lastKnownFileType = sourcecode.swift; path = CreateChallengeRecordScene.swift; sourceTree = "<group>"; };
		182B9E092AFA476E00B47CBA /* CreateChallengeRecordCore.swift */ = {isa = PBXFileReference; lastKnownFileType = sourcecode.swift; path = CreateChallengeRecordCore.swift; sourceTree = "<group>"; };
		182B9E0C2AFA5B9900B47CBA /* RecordClient.swift */ = {isa = PBXFileReference; lastKnownFileType = sourcecode.swift; path = RecordClient.swift; sourceTree = "<group>"; };
		182B9E0E2AFA5C1400B47CBA /* RecordClient + live.swift */ = {isa = PBXFileReference; lastKnownFileType = sourcecode.swift; path = "RecordClient + live.swift"; sourceTree = "<group>"; };
		182B9E102AFA5CAE00B47CBA /* RecordAPI.swift */ = {isa = PBXFileReference; lastKnownFileType = sourcecode.swift; path = RecordAPI.swift; sourceTree = "<group>"; };
		1831694A2ADBD6DE0098638E /* IGOAlertCore.swift */ = {isa = PBXFileReference; lastKnownFileType = sourcecode.swift; path = IGOAlertCore.swift; sourceTree = "<group>"; };
		183169502ADBDAA20098638E /* EnterChallengeButtonCore.swift */ = {isa = PBXFileReference; lastKnownFileType = sourcecode.swift; path = EnterChallengeButtonCore.swift; sourceTree = "<group>"; };
		183169522ADBDAC60098638E /* ChallengeInformationCore.swift */ = {isa = PBXFileReference; lastKnownFileType = sourcecode.swift; path = ChallengeInformationCore.swift; sourceTree = "<group>"; };
		183169542ADBDAE40098638E /* EnterChallengeButton.swift */ = {isa = PBXFileReference; lastKnownFileType = sourcecode.swift; path = EnterChallengeButton.swift; sourceTree = "<group>"; };
		183169562ADBDB200098638E /* ChallengeInformationCardView.swift */ = {isa = PBXFileReference; lastKnownFileType = sourcecode.swift; path = ChallengeInformationCardView.swift; sourceTree = "<group>"; };
		183169582ADBDB3F0098638E /* EnterChallengeNoticeView.swift */ = {isa = PBXFileReference; lastKnownFileType = sourcecode.swift; path = EnterChallengeNoticeView.swift; sourceTree = "<group>"; };
		1833D8A12AEAC78D002FBEDD /* ChallengeStatisticSection.swift */ = {isa = PBXFileReference; lastKnownFileType = sourcecode.swift; path = ChallengeStatisticSection.swift; sourceTree = "<group>"; };
		1833D8A32AEACDD1002FBEDD /* UserBadgeCounterCore.swift */ = {isa = PBXFileReference; lastKnownFileType = sourcecode.swift; path = UserBadgeCounterCore.swift; sourceTree = "<group>"; };
		1833D8A52AEACDE8002FBEDD /* UserBadgeCounterView.swift */ = {isa = PBXFileReference; lastKnownFileType = sourcecode.swift; path = UserBadgeCounterView.swift; sourceTree = "<group>"; };
		1833D8A72AEACDFD002FBEDD /* ChallengeCounterView.swift */ = {isa = PBXFileReference; lastKnownFileType = sourcecode.swift; path = ChallengeCounterView.swift; sourceTree = "<group>"; };
		1833D8A92AEACE13002FBEDD /* ChallengeCounterCore.swift */ = {isa = PBXFileReference; lastKnownFileType = sourcecode.swift; path = ChallengeCounterCore.swift; sourceTree = "<group>"; };
		183C7EAF2AE569FC0054F9D3 /* ShareSheet.swift */ = {isa = PBXFileReference; lastKnownFileType = sourcecode.swift; path = ShareSheet.swift; sourceTree = "<group>"; };
		183C7EB12AE578700054F9D3 /* EmailSendView.swift */ = {isa = PBXFileReference; lastKnownFileType = sourcecode.swift; path = EmailSendView.swift; sourceTree = "<group>"; };
		183D93532B0A3E4D00329F9E /* DeclarationScene.swift */ = {isa = PBXFileReference; lastKnownFileType = sourcecode.swift; path = DeclarationScene.swift; sourceTree = "<group>"; };
		183DF7D12AD7FE1F0041FB69 /* IGOTextField.swift */ = {isa = PBXFileReference; lastKnownFileType = sourcecode.swift; path = IGOTextField.swift; sourceTree = "<group>"; };
		183DF7D32AD836560041FB69 /* View + Extensions.swift */ = {isa = PBXFileReference; lastKnownFileType = sourcecode.swift; path = "View + Extensions.swift"; sourceTree = "<group>"; };
		183DF7D52AD83EA40041FB69 /* IGOBottomSheetView.swift */ = {isa = PBXFileReference; lastKnownFileType = sourcecode.swift; path = IGOBottomSheetView.swift; sourceTree = "<group>"; };
		18416EEF2AF093A50011E4C3 /* ChallengeRecordSection.swift */ = {isa = PBXFileReference; lastKnownFileType = sourcecode.swift; path = ChallengeRecordSection.swift; sourceTree = "<group>"; };
		18497C1D2ABDEF6B0041C350 /* NavigationBar.swift */ = {isa = PBXFileReference; lastKnownFileType = sourcecode.swift; path = NavigationBar.swift; sourceTree = "<group>"; };
		18497C1F2ABDFB320041C350 /* IGOAlertView.swift */ = {isa = PBXFileReference; lastKnownFileType = sourcecode.swift; path = IGOAlertView.swift; sourceTree = "<group>"; };
		184BBE302AB9FA7B00A810DB /* Info.plist */ = {isa = PBXFileReference; lastKnownFileType = text.plist; path = Info.plist; sourceTree = "<group>"; };
		18599A422ABC12FF0075DE76 /* RoundedCorner.swift */ = {isa = PBXFileReference; lastKnownFileType = sourcecode.swift; path = RoundedCorner.swift; sourceTree = "<group>"; };
		18599A442ABC2A950075DE76 /* HomeCore.swift */ = {isa = PBXFileReference; lastKnownFileType = sourcecode.swift; path = HomeCore.swift; sourceTree = "<group>"; };
		18599A482ABC32160075DE76 /* MyChallengeSection.swift */ = {isa = PBXFileReference; lastKnownFileType = sourcecode.swift; path = MyChallengeSection.swift; sourceTree = "<group>"; };
		18599A4A2ABC321E0075DE76 /* MyChallengeSectionCore.swift */ = {isa = PBXFileReference; lastKnownFileType = sourcecode.swift; path = MyChallengeSectionCore.swift; sourceTree = "<group>"; };
		18599A4D2ABC32790075DE76 /* EmptyChallengeListSection.swift */ = {isa = PBXFileReference; lastKnownFileType = sourcecode.swift; path = EmptyChallengeListSection.swift; sourceTree = "<group>"; };
		18599A4F2ABC329C0075DE76 /* EmptyChallengeListSectionCore.swift */ = {isa = PBXFileReference; lastKnownFileType = sourcecode.swift; path = EmptyChallengeListSectionCore.swift; sourceTree = "<group>"; };
		18599A522ABC34640075DE76 /* ChallengeInformation.swift */ = {isa = PBXFileReference; lastKnownFileType = sourcecode.swift; path = ChallengeInformation.swift; sourceTree = "<group>"; };
		18599A562ABC35C70075DE76 /* EmptyChallengeDetail.swift */ = {isa = PBXFileReference; lastKnownFileType = sourcecode.swift; path = EmptyChallengeDetail.swift; sourceTree = "<group>"; };
		18599A5B2ABC46AF0075DE76 /* ExploreChallengeScene.swift */ = {isa = PBXFileReference; lastKnownFileType = sourcecode.swift; path = ExploreChallengeScene.swift; sourceTree = "<group>"; };
		18599A5E2ABC4DE30075DE76 /* Pretendard-Thin.otf */ = {isa = PBXFileReference; lastKnownFileType = file; name = "Pretendard-Thin.otf"; path = "../../../../../../../Downloads/Pretendard-1/public/static/Pretendard-Thin.otf"; sourceTree = "<group>"; };
		18599A5F2ABC4DE30075DE76 /* Pretendard-SemiBold.otf */ = {isa = PBXFileReference; lastKnownFileType = file; name = "Pretendard-SemiBold.otf"; path = "../../../../../../../Downloads/Pretendard-1/public/static/Pretendard-SemiBold.otf"; sourceTree = "<group>"; };
		18599A602ABC4DE30075DE76 /* Pretendard-ExtraBold.otf */ = {isa = PBXFileReference; lastKnownFileType = file; name = "Pretendard-ExtraBold.otf"; path = "../../../../../../../Downloads/Pretendard-1/public/static/Pretendard-ExtraBold.otf"; sourceTree = "<group>"; };
		18599A612ABC4DE30075DE76 /* Pretendard-Medium.otf */ = {isa = PBXFileReference; lastKnownFileType = file; name = "Pretendard-Medium.otf"; path = "../../../../../../../Downloads/Pretendard-1/public/static/Pretendard-Medium.otf"; sourceTree = "<group>"; };
		18599A622ABC4DE30075DE76 /* Pretendard-Black.otf */ = {isa = PBXFileReference; lastKnownFileType = file; name = "Pretendard-Black.otf"; path = "../../../../../../../Downloads/Pretendard-1/public/static/Pretendard-Black.otf"; sourceTree = "<group>"; };
		18599A632ABC4DE30075DE76 /* Pretendard-Light.otf */ = {isa = PBXFileReference; lastKnownFileType = file; name = "Pretendard-Light.otf"; path = "../../../../../../../Downloads/Pretendard-1/public/static/Pretendard-Light.otf"; sourceTree = "<group>"; };
		18599A642ABC4DE30075DE76 /* Pretendard-Bold.otf */ = {isa = PBXFileReference; lastKnownFileType = file; name = "Pretendard-Bold.otf"; path = "../../../../../../../Downloads/Pretendard-1/public/static/Pretendard-Bold.otf"; sourceTree = "<group>"; };
		18599A652ABC4DE30075DE76 /* Pretendard-ExtraLight.otf */ = {isa = PBXFileReference; lastKnownFileType = file; name = "Pretendard-ExtraLight.otf"; path = "../../../../../../../Downloads/Pretendard-1/public/static/Pretendard-ExtraLight.otf"; sourceTree = "<group>"; };
		18599A662ABC4DE30075DE76 /* Pretendard-Regular.otf */ = {isa = PBXFileReference; lastKnownFileType = file; name = "Pretendard-Regular.otf"; path = "../../../../../../../Downloads/Pretendard-1/public/static/Pretendard-Regular.otf"; sourceTree = "<group>"; };
		18599A702ABC505A0075DE76 /* Font + Extensions.swift */ = {isa = PBXFileReference; lastKnownFileType = sourcecode.swift; path = "Font + Extensions.swift"; sourceTree = "<group>"; };
		18599A722ABC8FA40075DE76 /* ExploreChallengeCore.swift */ = {isa = PBXFileReference; lastKnownFileType = sourcecode.swift; path = ExploreChallengeCore.swift; sourceTree = "<group>"; };
		18599A742ABC98780075DE76 /* ExploreChallengeDetail.swift */ = {isa = PBXFileReference; lastKnownFileType = sourcecode.swift; path = ExploreChallengeDetail.swift; sourceTree = "<group>"; };
		185CF48A2ABF40E500B72237 /* LineHeight.swift */ = {isa = PBXFileReference; lastKnownFileType = sourcecode.swift; path = LineHeight.swift; sourceTree = "<group>"; };
		18606F482AB9D20A00025C37 /* ProfileSettingCore.swift */ = {isa = PBXFileReference; lastKnownFileType = sourcecode.swift; path = ProfileSettingCore.swift; sourceTree = "<group>"; };
		1865C4192AC14AAF006B5B8A /* Date + Extensions.swift */ = {isa = PBXFileReference; lastKnownFileType = sourcecode.swift; path = "Date + Extensions.swift"; sourceTree = "<group>"; };
		187252C62ABC07AE00DCF08C /* MainTab.swift */ = {isa = PBXFileReference; lastKnownFileType = sourcecode.swift; path = MainTab.swift; sourceTree = "<group>"; };
		187252C82ABC07C700DCF08C /* MainCore.swift */ = {isa = PBXFileReference; lastKnownFileType = sourcecode.swift; path = MainCore.swift; sourceTree = "<group>"; };
		187252CA2ABC081F00DCF08C /* IGORoundTabBar.swift */ = {isa = PBXFileReference; lastKnownFileType = sourcecode.swift; path = IGORoundTabBar.swift; sourceTree = "<group>"; };
		187252CD2ABC0B7B00DCF08C /* HomeScene.swift */ = {isa = PBXFileReference; lastKnownFileType = sourcecode.swift; path = HomeScene.swift; sourceTree = "<group>"; };
		187252D02ABC0BA800DCF08C /* MyPageScene.swift */ = {isa = PBXFileReference; lastKnownFileType = sourcecode.swift; path = MyPageScene.swift; sourceTree = "<group>"; };
		188103982AE4FD50003EBE95 /* UserProfileSection.swift */ = {isa = PBXFileReference; lastKnownFileType = sourcecode.swift; path = UserProfileSection.swift; sourceTree = "<group>"; };
		1881039A2AE4FD59003EBE95 /* UserProfileCore.swift */ = {isa = PBXFileReference; lastKnownFileType = sourcecode.swift; path = UserProfileCore.swift; sourceTree = "<group>"; };
		1881039C2AE4FEEE003EBE95 /* ChallengeStatus.swift */ = {isa = PBXFileReference; lastKnownFileType = sourcecode.swift; path = ChallengeStatus.swift; sourceTree = "<group>"; };
		1881039E2AE507B3003EBE95 /* URLImage.swift */ = {isa = PBXFileReference; lastKnownFileType = sourcecode.swift; path = URLImage.swift; sourceTree = "<group>"; };
		188103A52AE539FD003EBE95 /* ImageClient.swift */ = {isa = PBXFileReference; lastKnownFileType = sourcecode.swift; path = ImageClient.swift; sourceTree = "<group>"; };
		188103A72AE53A65003EBE95 /* ImageClient + live.swift */ = {isa = PBXFileReference; lastKnownFileType = sourcecode.swift; path = "ImageClient + live.swift"; sourceTree = "<group>"; };
		188103A92AE53ABD003EBE95 /* ImageLoadAPI.swift */ = {isa = PBXFileReference; lastKnownFileType = sourcecode.swift; path = ImageLoadAPI.swift; sourceTree = "<group>"; };
		188263292AE7BD6000100D53 /* UIImage + Extensions.swift */ = {isa = PBXFileReference; lastKnownFileType = sourcecode.swift; path = "UIImage + Extensions.swift"; sourceTree = "<group>"; };
		189440852ABED3C200BE1205 /* IGOBannerView.swift */ = {isa = PBXFileReference; lastKnownFileType = sourcecode.swift; path = IGOBannerView.swift; sourceTree = "<group>"; };
		189A2D8A2B025154002FE343 /* GoogleService-Info.plist */ = {isa = PBXFileReference; fileEncoding = 4; lastKnownFileType = text.plist.xml; path = "GoogleService-Info.plist"; sourceTree = "<group>"; };
		189A2D9F2B025416002FE343 /* igoMoneyDebug.entitlements */ = {isa = PBXFileReference; lastKnownFileType = text.plist.entitlements; path = igoMoneyDebug.entitlements; sourceTree = "<group>"; };
		18A152262AC96E3A00B8B8A4 /* AuthToken.swift */ = {isa = PBXFileReference; lastKnownFileType = sourcecode.swift; path = AuthToken.swift; sourceTree = "<group>"; };
		18A1522A2AC9757C00B8B8A4 /* MultipartForm.swift */ = {isa = PBXFileReference; lastKnownFileType = sourcecode.swift; path = MultipartForm.swift; sourceTree = "<group>"; };
		18A1522E2AC97F9E00B8B8A4 /* MyPageCore.swift */ = {isa = PBXFileReference; lastKnownFileType = sourcecode.swift; path = MyPageCore.swift; sourceTree = "<group>"; };
		18A152312AC97FDF00B8B8A4 /* GeneralSettingScene.swift */ = {isa = PBXFileReference; lastKnownFileType = sourcecode.swift; path = GeneralSettingScene.swift; sourceTree = "<group>"; };
		18A152332AC9800900B8B8A4 /* GeneralSettingCore.swift */ = {isa = PBXFileReference; lastKnownFileType = sourcecode.swift; path = GeneralSettingCore.swift; sourceTree = "<group>"; };
		18A152352AC9833C00B8B8A4 /* Setting.swift */ = {isa = PBXFileReference; lastKnownFileType = sourcecode.swift; path = Setting.swift; sourceTree = "<group>"; };
		18B437762AC16E410026A71E /* UserClient + live.swift */ = {isa = PBXFileReference; lastKnownFileType = sourcecode.swift; path = "UserClient + live.swift"; sourceTree = "<group>"; };
		18B437792AC170B30026A71E /* AuthAPI.swift */ = {isa = PBXFileReference; lastKnownFileType = sourcecode.swift; path = AuthAPI.swift; sourceTree = "<group>"; };
		18B4377C2AC17ED10026A71E /* KeyChainClient.swift */ = {isa = PBXFileReference; lastKnownFileType = sourcecode.swift; path = KeyChainClient.swift; sourceTree = "<group>"; };
		18B630692AC408A300F638C0 /* AppView.swift */ = {isa = PBXFileReference; lastKnownFileType = sourcecode.swift; path = AppView.swift; sourceTree = "<group>"; };
		18B6306B2AC408A800F638C0 /* AppCore.swift */ = {isa = PBXFileReference; lastKnownFileType = sourcecode.swift; path = AppCore.swift; sourceTree = "<group>"; };
		18B8DB332ABD8B3500EC5CB2 /* EnterChallengeCore.swift */ = {isa = PBXFileReference; lastKnownFileType = sourcecode.swift; path = EnterChallengeCore.swift; sourceTree = "<group>"; };
		18C503142B025AB20006499A /* ChallengeDetailDialog.swift */ = {isa = PBXFileReference; fileEncoding = 4; lastKnownFileType = sourcecode.swift; path = ChallengeDetailDialog.swift; sourceTree = "<group>"; };
		18CD8F262AB970C3006FEA6F /* AuthCore.swift */ = {isa = PBXFileReference; lastKnownFileType = sourcecode.swift; path = AuthCore.swift; sourceTree = "<group>"; };
		18CD8F2A2AB98249006FEA6F /* AgreeTermsView.swift */ = {isa = PBXFileReference; lastKnownFileType = sourcecode.swift; path = AgreeTermsView.swift; sourceTree = "<group>"; };
		18CD8F2C2AB995F5006FEA6F /* AgreeTermsCore.swift */ = {isa = PBXFileReference; lastKnownFileType = sourcecode.swift; path = AgreeTermsCore.swift; sourceTree = "<group>"; };
		18CD8F2F2AB9A1EF006FEA6F /* Provier.swift */ = {isa = PBXFileReference; lastKnownFileType = sourcecode.swift; path = Provier.swift; sourceTree = "<group>"; };
		18CD8F312AB9A57D006FEA6F /* Constants.swift */ = {isa = PBXFileReference; lastKnownFileType = sourcecode.swift; path = Constants.swift; sourceTree = "<group>"; };
		18CD8F342AB9BC58006FEA6F /* ProfileInitialSettingScene.swift */ = {isa = PBXFileReference; lastKnownFileType = sourcecode.swift; path = ProfileInitialSettingScene.swift; sourceTree = "<group>"; };
		18D623682AB8A919006EAC39 /* AuthScene.swift */ = {isa = PBXFileReference; lastKnownFileType = sourcecode.swift; path = AuthScene.swift; sourceTree = "<group>"; };
		18D6236B2AB8BACD006EAC39 /* IGOAuthButton.swift */ = {isa = PBXFileReference; lastKnownFileType = sourcecode.swift; path = IGOAuthButton.swift; sourceTree = "<group>"; };
		18EF46C52AE8FD7900EA949E /* IGOToggleStyle.swift */ = {isa = PBXFileReference; lastKnownFileType = sourcecode.swift; path = IGOToggleStyle.swift; sourceTree = "<group>"; };
		18EF46C92AE8FEA700EA949E /* GeneralToggleCell.swift */ = {isa = PBXFileReference; lastKnownFileType = sourcecode.swift; path = GeneralToggleCell.swift; sourceTree = "<group>"; };
		18EF46CB2AE921B900EA949E /* AuthSettingScene.swift */ = {isa = PBXFileReference; lastKnownFileType = sourcecode.swift; path = AuthSettingScene.swift; sourceTree = "<group>"; };
		18EF46CD2AE924DE00EA949E /* AuthSettingCore.swift */ = {isa = PBXFileReference; lastKnownFileType = sourcecode.swift; path = AuthSettingCore.swift; sourceTree = "<group>"; };
		18F252202AFE59CD00892961 /* ChallengeRecordSectionCore.swift */ = {isa = PBXFileReference; lastKnownFileType = sourcecode.swift; path = ChallengeRecordSectionCore.swift; sourceTree = "<group>"; };
		18F252252AFE5C9000892961 /* ChallengeListView.swift */ = {isa = PBXFileReference; lastKnownFileType = sourcecode.swift; path = ChallengeListView.swift; sourceTree = "<group>"; };
		18F332162AE6590A008C415E /* ProfileSettingScene.swift */ = {isa = PBXFileReference; lastKnownFileType = sourcecode.swift; path = ProfileSettingScene.swift; sourceTree = "<group>"; };
		18F332192AE69F6E008C415E /* NickNameInputView.swift */ = {isa = PBXFileReference; lastKnownFileType = sourcecode.swift; path = NickNameInputView.swift; sourceTree = "<group>"; };
		18F3321B2AE69F99008C415E /* NickNameCheckDuplicateCore.swift */ = {isa = PBXFileReference; lastKnownFileType = sourcecode.swift; path = NickNameCheckDuplicateCore.swift; sourceTree = "<group>"; };
		18F3321F2AE6ABD0008C415E /* IGOPhotoPicker.swift */ = {isa = PBXFileReference; lastKnownFileType = sourcecode.swift; path = IGOPhotoPicker.swift; sourceTree = "<group>"; };
		18F55C912ADD942800DE50C4 /* AuthClient.swift */ = {isa = PBXFileReference; lastKnownFileType = sourcecode.swift; path = AuthClient.swift; sourceTree = "<group>"; };
		18F55C932ADD94B700DE50C4 /* AuthClient + live.swift */ = {isa = PBXFileReference; lastKnownFileType = sourcecode.swift; path = "AuthClient + live.swift"; sourceTree = "<group>"; };
		18F55C9E2ADDAA4200DE50C4 /* ExploreChallengeFilterSection.swift */ = {isa = PBXFileReference; lastKnownFileType = sourcecode.swift; path = ExploreChallengeFilterSection.swift; sourceTree = "<group>"; };
		18F55CA02ADDAA5C00DE50C4 /* ExploreChallengeCellView.swift */ = {isa = PBXFileReference; lastKnownFileType = sourcecode.swift; path = ExploreChallengeCellView.swift; sourceTree = "<group>"; };
		18F6BB6F2AEF3BF000AB0F1B /* ParticipatingChallengeScene.swift */ = {isa = PBXFileReference; lastKnownFileType = sourcecode.swift; path = ParticipatingChallengeScene.swift; sourceTree = "<group>"; };
		18F6BB722AEF51E600AB0F1B /* ParticipatingChallengeResultSection.swift */ = {isa = PBXFileReference; lastKnownFileType = sourcecode.swift; path = ParticipatingChallengeResultSection.swift; sourceTree = "<group>"; };
		18F6BB742AEF524200AB0F1B /* ParticipatingChallengeCore.swift */ = {isa = PBXFileReference; lastKnownFileType = sourcecode.swift; path = ParticipatingChallengeCore.swift; sourceTree = "<group>"; };
		18F6BB762AEF586500AB0F1B /* ParticipatingChallengeResultSectionCore.swift */ = {isa = PBXFileReference; lastKnownFileType = sourcecode.swift; path = ParticipatingChallengeResultSectionCore.swift; sourceTree = "<group>"; };
/* End PBXFileReference section */

/* Begin PBXFrameworksBuildPhase section */
		180363A32AB82DCD00082F8A /* Frameworks */ = {
			isa = PBXFrameworksBuildPhase;
			buildActionMask = 2147483647;
			files = (
				189A2D9A2B025204002FE343 /* FirebasePerformance in Frameworks */,
				180FC68B2ABAFAED00DD8477 /* KakaoSDKUser in Frameworks */,
				18D623662AB8A8AA006EAC39 /* ComposableArchitecture in Frameworks */,
				189A2D9E2B025204002FE343 /* FirebaseStorageCombine-Community in Frameworks */,
				189A2D9C2B025204002FE343 /* FirebaseRemoteConfig in Frameworks */,
				189A2D982B025204002FE343 /* FirebaseMessaging in Frameworks */,
				189A2D922B025204002FE343 /* FirebaseInAppMessagingSwift-Beta in Frameworks */,
				189A2D942B025204002FE343 /* FirebaseInstallations in Frameworks */,
				180FC6892ABAFAED00DD8477 /* KakaoSDKCommon in Frameworks */,
				189A2D8E2B025204002FE343 /* FirebaseAnalytics in Frameworks */,
				189A2D962B025204002FE343 /* FirebaseMLModelDownloader in Frameworks */,
				180FC6872ABAFAED00DD8477 /* KakaoSDKAuth in Frameworks */,
				189A2D902B025204002FE343 /* FirebaseInAppMessaging-Beta in Frameworks */,
			);
			runOnlyForDeploymentPostprocessing = 0;
		};
/* End PBXFrameworksBuildPhase section */

/* Begin PBXGroup section */
		1803639D2AB82DCD00082F8A = {
			isa = PBXGroup;
			children = (
				180363A82AB82DCD00082F8A /* igoMoney */,
				180363A72AB82DCD00082F8A /* Products */,
			);
			sourceTree = "<group>";
		};
		180363A72AB82DCD00082F8A /* Products */ = {
			isa = PBXGroup;
			children = (
				180363A62AB82DCD00082F8A /* igoMoney.app */,
			);
			name = Products;
			sourceTree = "<group>";
		};
		180363A82AB82DCD00082F8A /* igoMoney */ = {
			isa = PBXGroup;
			children = (
				189A2D9F2B025416002FE343 /* igoMoneyDebug.entitlements */,
				189A2D8A2B025154002FE343 /* GoogleService-Info.plist */,
				184BBE302AB9FA7B00A810DB /* Info.plist */,
				180FC68E2ABB14F900DD8477 /* KakaoService.plist */,
				180363B82AB8316C00082F8A /* Source */,
				180363B72AB8316800082F8A /* Resource */,
			);
			path = igoMoney;
			sourceTree = "<group>";
		};
		180363AF2AB82DCE00082F8A /* Preview Content */ = {
			isa = PBXGroup;
			children = (
				180363B02AB82DCE00082F8A /* Preview Assets.xcassets */,
			);
			path = "Preview Content";
			sourceTree = "<group>";
		};
		180363B72AB8316800082F8A /* Resource */ = {
			isa = PBXGroup;
			children = (
				18599A5D2ABC4DDA0075DE76 /* Fonts */,
				180363AF2AB82DCE00082F8A /* Preview Content */,
				180363AD2AB82DCE00082F8A /* Assets.xcassets */,
				1827C1A52AC96AE000E658B6 /* Launch Screen.storyboard */,
			);
			path = Resource;
			sourceTree = "<group>";
		};
		180363B82AB8316C00082F8A /* Source */ = {
			isa = PBXGroup;
			children = (
				180363A92AB82DCD00082F8A /* igoMoneyApp.swift */,
				18F55C952ADDA12200DE50C4 /* Scenes */,
				18F55C8F2ADD92D600DE50C4 /* Clients */,
				18CD8F2E2AB9A1D6006FEA6F /* Models */,
				18D6236A2AB8BAC7006EAC39 /* Utility */,
			);
			path = Source;
			sourceTree = "<group>";
		};
		180FC6922ABB337200DD8477 /* NetworkClient */ = {
			isa = PBXGroup;
			children = (
				18B437782AC170AA0026A71E /* API */,
				180FC6952ABB359F00DD8477 /* HelperModels */,
				180FC6932ABB338600DD8477 /* RequestGenerator.swift */,
				180FC6A32ABB4BC500DD8477 /* APIClient.swift */,
			);
			path = NetworkClient;
			sourceTree = "<group>";
		};
		180FC6952ABB359F00DD8477 /* HelperModels */ = {
			isa = PBXGroup;
			children = (
				180FC6A12ABB48DC00DD8477 /* Networking.swift */,
				180FC6962ABB35A800DD8477 /* HTTPMethod.swift */,
				180FC6982ABB35C000DD8477 /* HTTPBody.swift */,
				180FC69A2ABB35D200DD8477 /* APIError.swift */,
				18A1522A2AC9757C00B8B8A4 /* MultipartForm.swift */,
			);
			path = HelperModels;
			sourceTree = "<group>";
		};
		180FC69C2ABB488700DD8477 /* UserClient */ = {
			isa = PBXGroup;
			children = (
				180FC69D2ABB488F00DD8477 /* UserClient.swift */,
				18B437762AC16E410026A71E /* UserClient + live.swift */,
			);
			path = UserClient;
			sourceTree = "<group>";
		};
		181988AA2ACE72200021214C /* ChallengeClient */ = {
			isa = PBXGroup;
			children = (
				181988AB2ACE72310021214C /* ChallengeClient.swift */,
				181988AD2ACE73F40021214C /* ChallengeClient + live.swift */,
			);
			path = ChallengeClient;
			sourceTree = "<group>";
		};
		181F288B2B0E470500B499B2 /* NotificationScene */ = {
			isa = PBXGroup;
			children = (
				181F288C2B0E471800B499B2 /* NotificationScene.swift */,
				181F288E2B0E472500B499B2 /* NotificationCore.swift */,
			);
			path = NotificationScene;
			sourceTree = "<group>";
		};
		182B8CFC2AEA5FFE00ED8890 /* FilterViews */ = {
			isa = PBXGroup;
			children = (
				182B8CFA2AEA4C7A00ED8890 /* ExploreChallengeFilterHeaderSection.swift */,
				182B8CFD2AEA601B00ED8890 /* ExploreChallengeFilterCore.swift */,
				18F55C9E2ADDAA4200DE50C4 /* ExploreChallengeFilterSection.swift */,
			);
			path = FilterViews;
			sourceTree = "<group>";
		};
		182B9E062AF9D07300B47CBA /* CreateChallengeAuthScene */ = {
			isa = PBXGroup;
			children = (
				182B9E072AF9D08100B47CBA /* CreateChallengeRecordScene.swift */,
				182B9E092AFA476E00B47CBA /* CreateChallengeRecordCore.swift */,
			);
			path = CreateChallengeAuthScene;
			sourceTree = "<group>";
		};
		182B9E0B2AFA5B9200B47CBA /* RecordClient */ = {
			isa = PBXGroup;
			children = (
				182B9E0C2AFA5B9900B47CBA /* RecordClient.swift */,
				182B9E0E2AFA5C1400B47CBA /* RecordClient + live.swift */,
			);
			path = RecordClient;
			sourceTree = "<group>";
		};
		183169492ADBD6D10098638E /* IGOAlertView */ = {
			isa = PBXGroup;
			children = (
				1831694A2ADBD6DE0098638E /* IGOAlertCore.swift */,
				18497C1F2ABDFB320041C350 /* IGOAlertView.swift */,
			);
			path = IGOAlertView;
			sourceTree = "<group>";
		};
		1833D8A02AEAC75C002FBEDD /* ChallengeStatisticSection */ = {
			isa = PBXGroup;
			children = (
				1833D8A12AEAC78D002FBEDD /* ChallengeStatisticSection.swift */,
				1833D8A32AEACDD1002FBEDD /* UserBadgeCounterCore.swift */,
				1833D8A52AEACDE8002FBEDD /* UserBadgeCounterView.swift */,
				1833D8A72AEACDFD002FBEDD /* ChallengeCounterView.swift */,
				1833D8A92AEACE13002FBEDD /* ChallengeCounterCore.swift */,
			);
			path = ChallengeStatisticSection;
			sourceTree = "<group>";
		};
		183D93522B0A3E3B00329F9E /* DeclarationScene */ = {
			isa = PBXGroup;
			children = (
				183D93532B0A3E4D00329F9E /* DeclarationScene.swift */,
			);
			path = DeclarationScene;
			sourceTree = "<group>";
		};
		18497C232ABDFC040041C350 /* DesignSystem */ = {
			isa = PBXGroup;
			children = (
				18CD8F312AB9A57D006FEA6F /* Constants.swift */,
				183169492ADBD6D10098638E /* IGOAlertView */,
				18D6236B2AB8BACD006EAC39 /* IGOAuthButton.swift */,
				189440852ABED3C200BE1205 /* IGOBannerView.swift */,
				183DF7D52AD83EA40041FB69 /* IGOBottomSheetView.swift */,
				182B1B622AD68C4200D01DBA /* IGOInputForm.swift */,
				183DF7D12AD7FE1F0041FB69 /* IGOTextField.swift */,
				187252CA2ABC081F00DCF08C /* IGORoundTabBar.swift */,
				1881039E2AE507B3003EBE95 /* URLImage.swift */,
				183C7EAF2AE569FC0054F9D3 /* ShareSheet.swift */,
				183C7EB12AE578700054F9D3 /* EmailSendView.swift */,
				18F3321F2AE6ABD0008C415E /* IGOPhotoPicker.swift */,
				18EF46C52AE8FD7900EA949E /* IGOToggleStyle.swift */,
			);
			path = DesignSystem;
			sourceTree = "<group>";
		};
		18599A4C2ABC325E0075DE76 /* EmptyChallengeListSection */ = {
			isa = PBXGroup;
			children = (
				18599A552ABC35B40075DE76 /* SubViews */,
				18599A4D2ABC32790075DE76 /* EmptyChallengeListSection.swift */,
				18599A4F2ABC329C0075DE76 /* EmptyChallengeListSectionCore.swift */,
			);
			path = EmptyChallengeListSection;
			sourceTree = "<group>";
		};
		18599A552ABC35B40075DE76 /* SubViews */ = {
			isa = PBXGroup;
			children = (
				18599A562ABC35C70075DE76 /* EmptyChallengeDetail.swift */,
			);
			path = SubViews;
			sourceTree = "<group>";
		};
		18599A5D2ABC4DDA0075DE76 /* Fonts */ = {
			isa = PBXGroup;
			children = (
				18599A622ABC4DE30075DE76 /* Pretendard-Black.otf */,
				18599A642ABC4DE30075DE76 /* Pretendard-Bold.otf */,
				18599A602ABC4DE30075DE76 /* Pretendard-ExtraBold.otf */,
				18599A652ABC4DE30075DE76 /* Pretendard-ExtraLight.otf */,
				18599A632ABC4DE30075DE76 /* Pretendard-Light.otf */,
				18599A612ABC4DE30075DE76 /* Pretendard-Medium.otf */,
				18599A662ABC4DE30075DE76 /* Pretendard-Regular.otf */,
				18599A5F2ABC4DE30075DE76 /* Pretendard-SemiBold.otf */,
				18599A5E2ABC4DE30075DE76 /* Pretendard-Thin.otf */,
			);
			path = Fonts;
			sourceTree = "<group>";
		};
		188103972AE4FD42003EBE95 /* UserProfileSection */ = {
			isa = PBXGroup;
			children = (
				188103982AE4FD50003EBE95 /* UserProfileSection.swift */,
				1881039A2AE4FD59003EBE95 /* UserProfileCore.swift */,
			);
			path = UserProfileSection;
			sourceTree = "<group>";
		};
		188103A42AE539F5003EBE95 /* ImageClient */ = {
			isa = PBXGroup;
			children = (
				188103A52AE539FD003EBE95 /* ImageClient.swift */,
				188103A72AE53A65003EBE95 /* ImageClient + live.swift */,
			);
			path = ImageClient;
			sourceTree = "<group>";
		};
		18B437782AC170AA0026A71E /* API */ = {
			isa = PBXGroup;
			children = (
				18B437792AC170B30026A71E /* AuthAPI.swift */,
				181988B12ACE80840021214C /* ChallengeAPI.swift */,
				188103A92AE53ABD003EBE95 /* ImageLoadAPI.swift */,
				182B9E102AFA5CAE00B47CBA /* RecordAPI.swift */,
			);
			path = API;
			sourceTree = "<group>";
		};
		18B4377B2AC17EC90026A71E /* KeyChainClient */ = {
			isa = PBXGroup;
			children = (
				18B4377C2AC17ED10026A71E /* KeyChainClient.swift */,
			);
			path = KeyChainClient;
			sourceTree = "<group>";
		};
		18C503132B025AB20006499A /* ChallengeDetailDialog */ = {
			isa = PBXGroup;
			children = (
				18C503142B025AB20006499A /* ChallengeDetailDialog.swift */,
			);
			path = ChallengeDetailDialog;
			sourceTree = "<group>";
		};
		18CD8F2E2AB9A1D6006FEA6F /* Models */ = {
			isa = PBXGroup;
			children = (
				187252C62ABC07AE00DCF08C /* MainTab.swift */,
				18CD8F2F2AB9A1EF006FEA6F /* Provier.swift */,
				18599A522ABC34640075DE76 /* ChallengeInformation.swift */,
				18A152262AC96E3A00B8B8A4 /* AuthToken.swift */,
				18A152352AC9833C00B8B8A4 /* Setting.swift */,
				1881039C2AE4FEEE003EBE95 /* ChallengeStatus.swift */,
			);
			path = Models;
			sourceTree = "<group>";
		};
		18D6236A2AB8BAC7006EAC39 /* Utility */ = {
			isa = PBXGroup;
			children = (
				18497C232ABDFC040041C350 /* DesignSystem */,
				180FC68C2ABB12FC00DD8477 /* UIApplication + Extensions.swift */,
				180FC6902ABB157200DD8477 /* Bundle+Extensions.swift */,
				18497C1D2ABDEF6B0041C350 /* NavigationBar.swift */,
				1865C4192AC14AAF006B5B8A /* Date + Extensions.swift */,
				1803B9BC2ACA92A500D97495 /* Data + Extensions.swift */,
				181988AF2ACE75CC0021214C /* DateFormatter + Extensions.swift */,
				1809AC3E2AD4371100FB044A /* UINavigationController + Extensions.swift */,
				185CF48A2ABF40E500B72237 /* LineHeight.swift */,
				18599A422ABC12FF0075DE76 /* RoundedCorner.swift */,
				183DF7D32AD836560041FB69 /* View + Extensions.swift */,
				18599A702ABC505A0075DE76 /* Font + Extensions.swift */,
				188263292AE7BD6000100D53 /* UIImage + Extensions.swift */,
			);
			path = Utility;
			sourceTree = "<group>";
		};
		18EF46C72AE8FE4900EA949E /* GeneralSettingScene */ = {
			isa = PBXGroup;
			children = (
				18EF46C82AE8FE9300EA949E /* SubViews */,
				18A152312AC97FDF00B8B8A4 /* GeneralSettingScene.swift */,
				18A152332AC9800900B8B8A4 /* GeneralSettingCore.swift */,
			);
			path = GeneralSettingScene;
			sourceTree = "<group>";
		};
		18EF46C82AE8FE9300EA949E /* SubViews */ = {
			isa = PBXGroup;
			children = (
				18EF46C92AE8FEA700EA949E /* GeneralToggleCell.swift */,
				18EF46CB2AE921B900EA949E /* AuthSettingScene.swift */,
				18EF46CD2AE924DE00EA949E /* AuthSettingCore.swift */,
			);
			path = SubViews;
			sourceTree = "<group>";
		};
		18F252222AFE5A1800892961 /* ParticipatingChallengeResult */ = {
			isa = PBXGroup;
			children = (
				18F6BB722AEF51E600AB0F1B /* ParticipatingChallengeResultSection.swift */,
				18F6BB762AEF586500AB0F1B /* ParticipatingChallengeResultSectionCore.swift */,
			);
			path = ParticipatingChallengeResult;
			sourceTree = "<group>";
		};
		18F252232AFE5A2400892961 /* ChallengeRecordSection */ = {
			isa = PBXGroup;
			children = (
				18416EEF2AF093A50011E4C3 /* ChallengeRecordSection.swift */,
				18F252202AFE59CD00892961 /* ChallengeRecordSectionCore.swift */,
			);
			path = ChallengeRecordSection;
			sourceTree = "<group>";
		};
		18F252242AFE5C8300892961 /* ChallengeListSection */ = {
			isa = PBXGroup;
			children = (
				18F252252AFE5C9000892961 /* ChallengeListView.swift */,
			);
			path = ChallengeListSection;
			sourceTree = "<group>";
		};
		18F332152AE658F9008C415E /* ProfileSettingScene */ = {
			isa = PBXGroup;
			children = (
				18F332182AE69F5E008C415E /* SubViews */,
				18F332162AE6590A008C415E /* ProfileSettingScene.swift */,
				18606F482AB9D20A00025C37 /* ProfileSettingCore.swift */,
			);
			path = ProfileSettingScene;
			sourceTree = "<group>";
		};
		18F332182AE69F5E008C415E /* SubViews */ = {
			isa = PBXGroup;
			children = (
				18F332192AE69F6E008C415E /* NickNameInputView.swift */,
				18F3321B2AE69F99008C415E /* NickNameCheckDuplicateCore.swift */,
			);
			path = SubViews;
			sourceTree = "<group>";
		};
		18F55C8F2ADD92D600DE50C4 /* Clients */ = {
			isa = PBXGroup;
			children = (
				182B9E0B2AFA5B9200B47CBA /* RecordClient */,
				188103A42AE539F5003EBE95 /* ImageClient */,
				18F55C902ADD942200DE50C4 /* AuthClient */,
				181988AA2ACE72200021214C /* ChallengeClient */,
				18B4377B2AC17EC90026A71E /* KeyChainClient */,
				180FC6922ABB337200DD8477 /* NetworkClient */,
				180FC69C2ABB488700DD8477 /* UserClient */,
			);
			path = Clients;
			sourceTree = "<group>";
		};
		18F55C902ADD942200DE50C4 /* AuthClient */ = {
			isa = PBXGroup;
			children = (
				18F55C912ADD942800DE50C4 /* AuthClient.swift */,
				18F55C932ADD94B700DE50C4 /* AuthClient + live.swift */,
			);
			path = AuthClient;
			sourceTree = "<group>";
		};
		18F55C952ADDA12200DE50C4 /* Scenes */ = {
			isa = PBXGroup;
			children = (
				183D93522B0A3E3B00329F9E /* DeclarationScene */,
				18C503132B025AB20006499A /* ChallengeDetailDialog */,
				182B9E062AF9D07300B47CBA /* CreateChallengeAuthScene */,
				18F6BB6E2AEF3BD200AB0F1B /* ParticipatingChallengeScene */,
				18F55C962ADDA13A00DE50C4 /* AppScene */,
				18F55C972ADDA18E00DE50C4 /* AuthScene */,
				18F55CA22ADDAAC400DE50C4 /* EnterChallengeScene */,
				18F55C9C2ADDA9E400DE50C4 /* ExploreChallengeScene */,
				18EF46C72AE8FE4900EA949E /* GeneralSettingScene */,
				18F55CA72ADDAB9D00DE50C4 /* GenerateChallengeScene */,
				181F288B2B0E470500B499B2 /* NotificationScene */,
				18F55CA52ADDAB1D00DE50C4 /* HomeScene */,
				18F55C9A2ADDA28E00DE50C4 /* MainScene */,
				18F55C9B2ADDA9C300DE50C4 /* MyPageScene */,
				18F332152AE658F9008C415E /* ProfileSettingScene */,
			);
			path = Scenes;
			sourceTree = "<group>";
		};
		18F55C962ADDA13A00DE50C4 /* AppScene */ = {
			isa = PBXGroup;
			children = (
				18B630692AC408A300F638C0 /* AppView.swift */,
				18B6306B2AC408A800F638C0 /* AppCore.swift */,
			);
			path = AppScene;
			sourceTree = "<group>";
		};
		18F55C972ADDA18E00DE50C4 /* AuthScene */ = {
			isa = PBXGroup;
			children = (
				18D623682AB8A919006EAC39 /* AuthScene.swift */,
				18CD8F262AB970C3006FEA6F /* AuthCore.swift */,
				180FC67C2ABAF62500DD8477 /* AuthController.swift */,
				18F55C992ADDA19C00DE50C4 /* AgreeTermsView */,
				18F55C982ADDA19300DE50C4 /* ProfileSettingView */,
			);
			path = AuthScene;
			sourceTree = "<group>";
		};
		18F55C982ADDA19300DE50C4 /* ProfileSettingView */ = {
			isa = PBXGroup;
			children = (
				18CD8F342AB9BC58006FEA6F /* ProfileInitialSettingScene.swift */,
			);
			path = ProfileSettingView;
			sourceTree = "<group>";
		};
		18F55C992ADDA19C00DE50C4 /* AgreeTermsView */ = {
			isa = PBXGroup;
			children = (
				18CD8F2A2AB98249006FEA6F /* AgreeTermsView.swift */,
				18CD8F2C2AB995F5006FEA6F /* AgreeTermsCore.swift */,
			);
			path = AgreeTermsView;
			sourceTree = "<group>";
		};
		18F55C9A2ADDA28E00DE50C4 /* MainScene */ = {
			isa = PBXGroup;
			children = (
				180363AB2AB82DCD00082F8A /* MainScene.swift */,
				187252C82ABC07C700DCF08C /* MainCore.swift */,
			);
			path = MainScene;
			sourceTree = "<group>";
		};
		18F55C9B2ADDA9C300DE50C4 /* MyPageScene */ = {
			isa = PBXGroup;
			children = (
				1833D8A02AEAC75C002FBEDD /* ChallengeStatisticSection */,
				188103972AE4FD42003EBE95 /* UserProfileSection */,
				187252D02ABC0BA800DCF08C /* MyPageScene.swift */,
				18A1522E2AC97F9E00B8B8A4 /* MyPageCore.swift */,
			);
			path = MyPageScene;
			sourceTree = "<group>";
		};
		18F55C9C2ADDA9E400DE50C4 /* ExploreChallengeScene */ = {
			isa = PBXGroup;
			children = (
				182B8CFC2AEA5FFE00ED8890 /* FilterViews */,
				18F55C9D2ADDAA2100DE50C4 /* SubViews */,
				18599A722ABC8FA40075DE76 /* ExploreChallengeCore.swift */,
				18599A5B2ABC46AF0075DE76 /* ExploreChallengeScene.swift */,
			);
			path = ExploreChallengeScene;
			sourceTree = "<group>";
		};
		18F55C9D2ADDAA2100DE50C4 /* SubViews */ = {
			isa = PBXGroup;
			children = (
				18599A742ABC98780075DE76 /* ExploreChallengeDetail.swift */,
				18F55CA02ADDAA5C00DE50C4 /* ExploreChallengeCellView.swift */,
			);
			path = SubViews;
			sourceTree = "<group>";
		};
		18F55CA22ADDAAC400DE50C4 /* EnterChallengeScene */ = {
			isa = PBXGroup;
			children = (
				18F55CA42ADDAAEC00DE50C4 /* SubCores */,
				18F55CA32ADDAAE200DE50C4 /* SubViews */,
				1800BC932ABD6C7000938336 /* EnterChallengeScene.swift */,
				18B8DB332ABD8B3500EC5CB2 /* EnterChallengeCore.swift */,
			);
			path = EnterChallengeScene;
			sourceTree = "<group>";
		};
		18F55CA32ADDAAE200DE50C4 /* SubViews */ = {
			isa = PBXGroup;
			children = (
				183169542ADBDAE40098638E /* EnterChallengeButton.swift */,
				183169562ADBDB200098638E /* ChallengeInformationCardView.swift */,
				183169582ADBDB3F0098638E /* EnterChallengeNoticeView.swift */,
			);
			path = SubViews;
			sourceTree = "<group>";
		};
		18F55CA42ADDAAEC00DE50C4 /* SubCores */ = {
			isa = PBXGroup;
			children = (
				183169502ADBDAA20098638E /* EnterChallengeButtonCore.swift */,
				183169522ADBDAC60098638E /* ChallengeInformationCore.swift */,
			);
			path = SubCores;
			sourceTree = "<group>";
		};
		18F55CA52ADDAB1D00DE50C4 /* HomeScene */ = {
			isa = PBXGroup;
			children = (
				187252CD2ABC0B7B00DCF08C /* HomeScene.swift */,
				18599A442ABC2A950075DE76 /* HomeCore.swift */,
				18F55CA62ADDAB7E00DE50C4 /* MyChallengeSection */,
				18599A4C2ABC325E0075DE76 /* EmptyChallengeListSection */,
			);
			path = HomeScene;
			sourceTree = "<group>";
		};
		18F55CA62ADDAB7E00DE50C4 /* MyChallengeSection */ = {
			isa = PBXGroup;
			children = (
				18599A482ABC32160075DE76 /* MyChallengeSection.swift */,
				18599A4A2ABC321E0075DE76 /* MyChallengeSectionCore.swift */,
			);
			path = MyChallengeSection;
			sourceTree = "<group>";
		};
		18F55CA72ADDAB9D00DE50C4 /* GenerateChallengeScene */ = {
			isa = PBXGroup;
			children = (
				182B1B5E2AD678D800D01DBA /* GenerateRoomScene.swift */,
				182B1B602AD6793F00D01DBA /* GenerateRoomCore.swift */,
			);
			path = GenerateChallengeScene;
			sourceTree = "<group>";
		};
		18F6BB6E2AEF3BD200AB0F1B /* ParticipatingChallengeScene */ = {
			isa = PBXGroup;
			children = (
				18F6BB712AEF51D800AB0F1B /* SubViews */,
				18F6BB6F2AEF3BF000AB0F1B /* ParticipatingChallengeScene.swift */,
				18F6BB742AEF524200AB0F1B /* ParticipatingChallengeCore.swift */,
			);
			path = ParticipatingChallengeScene;
			sourceTree = "<group>";
		};
		18F6BB712AEF51D800AB0F1B /* SubViews */ = {
			isa = PBXGroup;
			children = (
				18F252242AFE5C8300892961 /* ChallengeListSection */,
				18F252232AFE5A2400892961 /* ChallengeRecordSection */,
				18F252222AFE5A1800892961 /* ParticipatingChallengeResult */,
			);
			path = SubViews;
			sourceTree = "<group>";
		};
/* End PBXGroup section */

/* Begin PBXNativeTarget section */
		180363A52AB82DCD00082F8A /* igoMoney */ = {
			isa = PBXNativeTarget;
			buildConfigurationList = 180363B42AB82DCE00082F8A /* Build configuration list for PBXNativeTarget "igoMoney" */;
			buildPhases = (
				180363A22AB82DCD00082F8A /* Sources */,
				180363A32AB82DCD00082F8A /* Frameworks */,
				180363A42AB82DCD00082F8A /* Resources */,
			);
			buildRules = (
			);
			dependencies = (
			);
			name = igoMoney;
			packageProductDependencies = (
				18D623652AB8A8AA006EAC39 /* ComposableArchitecture */,
				180FC6862ABAFAED00DD8477 /* KakaoSDKAuth */,
				180FC6882ABAFAED00DD8477 /* KakaoSDKCommon */,
				180FC68A2ABAFAED00DD8477 /* KakaoSDKUser */,
				189A2D8D2B025204002FE343 /* FirebaseAnalytics */,
				189A2D8F2B025204002FE343 /* FirebaseInAppMessaging-Beta */,
				189A2D912B025204002FE343 /* FirebaseInAppMessagingSwift-Beta */,
				189A2D932B025204002FE343 /* FirebaseInstallations */,
				189A2D952B025204002FE343 /* FirebaseMLModelDownloader */,
				189A2D972B025204002FE343 /* FirebaseMessaging */,
				189A2D992B025204002FE343 /* FirebasePerformance */,
				189A2D9B2B025204002FE343 /* FirebaseRemoteConfig */,
				189A2D9D2B025204002FE343 /* FirebaseStorageCombine-Community */,
			);
			productName = igoMoney;
			productReference = 180363A62AB82DCD00082F8A /* igoMoney.app */;
			productType = "com.apple.product-type.application";
		};
/* End PBXNativeTarget section */

/* Begin PBXProject section */
		1803639E2AB82DCD00082F8A /* Project object */ = {
			isa = PBXProject;
			attributes = {
				BuildIndependentTargetsInParallel = 1;
				LastSwiftUpdateCheck = 1420;
				LastUpgradeCheck = 1500;
				TargetAttributes = {
					180363A52AB82DCD00082F8A = {
						CreatedOnToolsVersion = 14.2;
					};
				};
			};
			buildConfigurationList = 180363A12AB82DCD00082F8A /* Build configuration list for PBXProject "igoMoney" */;
			compatibilityVersion = "Xcode 14.0";
			developmentRegion = ko;
			hasScannedForEncodings = 0;
			knownRegions = (
				Base,
				ko,
			);
			mainGroup = 1803639D2AB82DCD00082F8A;
			packageReferences = (
				18D623642AB8A8AA006EAC39 /* XCRemoteSwiftPackageReference "swift-composable-architecture" */,
				180FC6852ABAFAED00DD8477 /* XCRemoteSwiftPackageReference "kakao-ios-sdk" */,
				189A2D8C2B025204002FE343 /* XCRemoteSwiftPackageReference "firebase-ios-sdk" */,
			);
			productRefGroup = 180363A72AB82DCD00082F8A /* Products */;
			projectDirPath = "";
			projectRoot = "";
			targets = (
				180363A52AB82DCD00082F8A /* igoMoney */,
			);
		};
/* End PBXProject section */

/* Begin PBXResourcesBuildPhase section */
		180363A42AB82DCD00082F8A /* Resources */ = {
			isa = PBXResourcesBuildPhase;
			buildActionMask = 2147483647;
			files = (
				18599A6F2ABC4E1B0075DE76 /* Pretendard-Bold.otf in Resources */,
				18599A692ABC4E1B0075DE76 /* Pretendard-ExtraLight.otf in Resources */,
				189A2D8B2B025154002FE343 /* GoogleService-Info.plist in Resources */,
				180FC68F2ABB14F900DD8477 /* KakaoService.plist in Resources */,
				18599A6B2ABC4E1B0075DE76 /* Pretendard-ExtraBold.otf in Resources */,
				1827C1A62AC96AE000E658B6 /* Launch Screen.storyboard in Resources */,
				18599A6A2ABC4E1B0075DE76 /* Pretendard-Medium.otf in Resources */,
				18599A672ABC4E1B0075DE76 /* Pretendard-Regular.otf in Resources */,
				180363B12AB82DCE00082F8A /* Preview Assets.xcassets in Resources */,
				18599A6C2ABC4E1B0075DE76 /* Pretendard-SemiBold.otf in Resources */,
				180363AE2AB82DCE00082F8A /* Assets.xcassets in Resources */,
				18599A6D2ABC4E1B0075DE76 /* Pretendard-Thin.otf in Resources */,
				18599A6E2ABC4E1B0075DE76 /* Pretendard-Black.otf in Resources */,
				18599A682ABC4E1B0075DE76 /* Pretendard-Light.otf in Resources */,
			);
			runOnlyForDeploymentPostprocessing = 0;
		};
/* End PBXResourcesBuildPhase section */

/* Begin PBXSourcesBuildPhase section */
		180363A22AB82DCD00082F8A /* Sources */ = {
			isa = PBXSourcesBuildPhase;
			buildActionMask = 2147483647;
			files = (
				18D623692AB8A919006EAC39 /* AuthScene.swift in Sources */,
				18F6BB702AEF3BF000AB0F1B /* ParticipatingChallengeScene.swift in Sources */,
				180FC6942ABB338600DD8477 /* RequestGenerator.swift in Sources */,
				18A1522B2AC9757C00B8B8A4 /* MultipartForm.swift in Sources */,
				1881039D2AE4FEEE003EBE95 /* ChallengeStatus.swift in Sources */,
				18EF46CA2AE8FEA700EA949E /* GeneralToggleCell.swift in Sources */,
				18599A712ABC505A0075DE76 /* Font + Extensions.swift in Sources */,
				18EF46C62AE8FD7900EA949E /* IGOToggleStyle.swift in Sources */,
				182B8CFE2AEA601B00ED8890 /* ExploreChallengeFilterCore.swift in Sources */,
				18F3321C2AE69F99008C415E /* NickNameCheckDuplicateCore.swift in Sources */,
				18D6236C2AB8BACD006EAC39 /* IGOAuthButton.swift in Sources */,
				181F288D2B0E471800B499B2 /* NotificationScene.swift in Sources */,
				188103A62AE539FD003EBE95 /* ImageClient.swift in Sources */,
				183169512ADBDAA20098638E /* EnterChallengeButtonCore.swift in Sources */,
				183169532ADBDAC60098638E /* ChallengeInformationCore.swift in Sources */,
				180FC68D2ABB12FC00DD8477 /* UIApplication + Extensions.swift in Sources */,
				18A152272AC96E3A00B8B8A4 /* AuthToken.swift in Sources */,
				18599A4B2ABC321E0075DE76 /* MyChallengeSectionCore.swift in Sources */,
				180FC6A42ABB4BC500DD8477 /* APIClient.swift in Sources */,
				18606F492AB9D20A00025C37 /* ProfileSettingCore.swift in Sources */,
				181988B02ACE75CC0021214C /* DateFormatter + Extensions.swift in Sources */,
				180FC6A22ABB48DC00DD8477 /* Networking.swift in Sources */,
				1833D8AA2AEACE13002FBEDD /* ChallengeCounterCore.swift in Sources */,
				181988B22ACE80850021214C /* ChallengeAPI.swift in Sources */,
				18599A572ABC35C70075DE76 /* EmptyChallengeDetail.swift in Sources */,
				181F288F2B0E472500B499B2 /* NotificationCore.swift in Sources */,
				1882632A2AE7BD6000100D53 /* UIImage + Extensions.swift in Sources */,
				18F252262AFE5C9000892961 /* ChallengeListView.swift in Sources */,
				18F252212AFE59CD00892961 /* ChallengeRecordSectionCore.swift in Sources */,
				18F332202AE6ABD0008C415E /* IGOPhotoPicker.swift in Sources */,
				18EF46CE2AE924DE00EA949E /* AuthSettingCore.swift in Sources */,
				185CF48B2ABF40E500B72237 /* LineHeight.swift in Sources */,
				183C7EB22AE578700054F9D3 /* EmailSendView.swift in Sources */,
				1800BC942ABD6C7000938336 /* EnterChallengeScene.swift in Sources */,
				18CD8F2D2AB995F5006FEA6F /* AgreeTermsCore.swift in Sources */,
				18599A752ABC98780075DE76 /* ExploreChallengeDetail.swift in Sources */,
				182B1B612AD6793F00D01DBA /* GenerateRoomCore.swift in Sources */,
				18F6BB772AEF586500AB0F1B /* ParticipatingChallengeResultSectionCore.swift in Sources */,
				1833D8A82AEACDFD002FBEDD /* ChallengeCounterView.swift in Sources */,
				18599A532ABC34640075DE76 /* ChallengeInformation.swift in Sources */,
				18F332172AE6590A008C415E /* ProfileSettingScene.swift in Sources */,
				182B1B632AD68C4200D01DBA /* IGOInputForm.swift in Sources */,
				181988AC2ACE72310021214C /* ChallengeClient.swift in Sources */,
				188103992AE4FD50003EBE95 /* UserProfileSection.swift in Sources */,
				1865C41A2AC14AAF006B5B8A /* Date + Extensions.swift in Sources */,
				18599A452ABC2A950075DE76 /* HomeCore.swift in Sources */,
				183DF7D42AD836560041FB69 /* View + Extensions.swift in Sources */,
				18B6306C2AC408A800F638C0 /* AppCore.swift in Sources */,
				18F6BB752AEF524200AB0F1B /* ParticipatingChallengeCore.swift in Sources */,
				187252CB2ABC081F00DCF08C /* IGORoundTabBar.swift in Sources */,
				180FC6912ABB157200DD8477 /* Bundle+Extensions.swift in Sources */,
				180FC69B2ABB35D200DD8477 /* APIError.swift in Sources */,
				18599A5C2ABC46AF0075DE76 /* ExploreChallengeScene.swift in Sources */,
				18F55CA12ADDAA5C00DE50C4 /* ExploreChallengeCellView.swift in Sources */,
				189440862ABED3C200BE1205 /* IGOBannerView.swift in Sources */,
				188103A82AE53A65003EBE95 /* ImageClient + live.swift in Sources */,
				18416EF02AF093A50011E4C3 /* ChallengeRecordSection.swift in Sources */,
				18599A492ABC32160075DE76 /* MyChallengeSection.swift in Sources */,
				183169572ADBDB200098638E /* ChallengeInformationCardView.swift in Sources */,
				18A1522F2AC97F9E00B8B8A4 /* MyPageCore.swift in Sources */,
				187252C72ABC07AE00DCF08C /* MainTab.swift in Sources */,
				1881039F2AE507B3003EBE95 /* URLImage.swift in Sources */,
				180FC67D2ABAF62500DD8477 /* AuthController.swift in Sources */,
				1833D8A62AEACDE8002FBEDD /* UserBadgeCounterView.swift in Sources */,
				18B437772AC16E410026A71E /* UserClient + live.swift in Sources */,
				18CD8F302AB9A1EF006FEA6F /* Provier.swift in Sources */,
				18CD8F2B2AB98249006FEA6F /* AgreeTermsView.swift in Sources */,
				18497C202ABDFB320041C350 /* IGOAlertView.swift in Sources */,
				183169552ADBDAE40098638E /* EnterChallengeButton.swift in Sources */,
				18497C1E2ABDEF6B0041C350 /* NavigationBar.swift in Sources */,
				18A152362AC9833C00B8B8A4 /* Setting.swift in Sources */,
				18A152342AC9800900B8B8A4 /* GeneralSettingCore.swift in Sources */,
				182B8CFB2AEA4C7A00ED8890 /* ExploreChallengeFilterHeaderSection.swift in Sources */,
				1803B9BD2ACA92A500D97495 /* Data + Extensions.swift in Sources */,
				181988AE2ACE73F40021214C /* ChallengeClient + live.swift in Sources */,
				182B9E0D2AFA5B9900B47CBA /* RecordClient.swift in Sources */,
				183DF7D62AD83EA40041FB69 /* IGOBottomSheetView.swift in Sources */,
				1833D8A42AEACDD1002FBEDD /* UserBadgeCounterCore.swift in Sources */,
				18C503152B025AB20006499A /* ChallengeDetailDialog.swift in Sources */,
				182B9E112AFA5CAE00B47CBA /* RecordAPI.swift in Sources */,
				183C7EB02AE569FC0054F9D3 /* ShareSheet.swift in Sources */,
				180363AC2AB82DCD00082F8A /* MainScene.swift in Sources */,
				18F55C942ADD94B700DE50C4 /* AuthClient + live.swift in Sources */,
				180FC69E2ABB488F00DD8477 /* UserClient.swift in Sources */,
				187252CE2ABC0B7B00DCF08C /* HomeScene.swift in Sources */,
				180FC6972ABB35A800DD8477 /* HTTPMethod.swift in Sources */,
				18599A502ABC329C0075DE76 /* EmptyChallengeListSectionCore.swift in Sources */,
				183169592ADBDB3F0098638E /* EnterChallengeNoticeView.swift in Sources */,
				183D93542B0A3E4D00329F9E /* DeclarationScene.swift in Sources */,
				182B1B5F2AD678D800D01DBA /* GenerateRoomScene.swift in Sources */,
				182B9E082AF9D08100B47CBA /* CreateChallengeRecordScene.swift in Sources */,
				1833D8A22AEAC78D002FBEDD /* ChallengeStatisticSection.swift in Sources */,
				18599A432ABC12FF0075DE76 /* RoundedCorner.swift in Sources */,
				188103AA2AE53ABD003EBE95 /* ImageLoadAPI.swift in Sources */,
				182B9E0A2AFA476E00B47CBA /* CreateChallengeRecordCore.swift in Sources */,
				180363AA2AB82DCD00082F8A /* igoMoneyApp.swift in Sources */,
				1831694B2ADBD6DE0098638E /* IGOAlertCore.swift in Sources */,
				18CD8F272AB970C3006FEA6F /* AuthCore.swift in Sources */,
				18599A732ABC8FA40075DE76 /* ExploreChallengeCore.swift in Sources */,
				18B4377D2AC17ED10026A71E /* KeyChainClient.swift in Sources */,
				18F55C9F2ADDAA4200DE50C4 /* ExploreChallengeFilterSection.swift in Sources */,
				18EF46CC2AE921B900EA949E /* AuthSettingScene.swift in Sources */,
				180FC6992ABB35C000DD8477 /* HTTPBody.swift in Sources */,
				183DF7D22AD7FE1F0041FB69 /* IGOTextField.swift in Sources */,
				1809AC3F2AD4371100FB044A /* UINavigationController + Extensions.swift in Sources */,
				18CD8F322AB9A57D006FEA6F /* Constants.swift in Sources */,
				182B9E0F2AFA5C1400B47CBA /* RecordClient + live.swift in Sources */,
				18F6BB732AEF51E600AB0F1B /* ParticipatingChallengeResultSection.swift in Sources */,
				18B4377A2AC170B30026A71E /* AuthAPI.swift in Sources */,
				18B6306A2AC408A300F638C0 /* AppView.swift in Sources */,
				18F3321A2AE69F6E008C415E /* NickNameInputView.swift in Sources */,
				18F55C922ADD942800DE50C4 /* AuthClient.swift in Sources */,
				18A152322AC97FDF00B8B8A4 /* GeneralSettingScene.swift in Sources */,
				18CD8F352AB9BC58006FEA6F /* ProfileInitialSettingScene.swift in Sources */,
				18599A4E2ABC32790075DE76 /* EmptyChallengeListSection.swift in Sources */,
				1881039B2AE4FD59003EBE95 /* UserProfileCore.swift in Sources */,
				187252D12ABC0BA800DCF08C /* MyPageScene.swift in Sources */,
				18B8DB342ABD8B3500EC5CB2 /* EnterChallengeCore.swift in Sources */,
				187252C92ABC07C700DCF08C /* MainCore.swift in Sources */,
			);
			runOnlyForDeploymentPostprocessing = 0;
		};
/* End PBXSourcesBuildPhase section */

/* Begin XCBuildConfiguration section */
		180363B22AB82DCE00082F8A /* Debug */ = {
			isa = XCBuildConfiguration;
			buildSettings = {
				ALWAYS_SEARCH_USER_PATHS = NO;
				CLANG_ANALYZER_NONNULL = YES;
				CLANG_ANALYZER_NUMBER_OBJECT_CONVERSION = YES_AGGRESSIVE;
				CLANG_CXX_LANGUAGE_STANDARD = "gnu++20";
				CLANG_ENABLE_MODULES = YES;
				CLANG_ENABLE_OBJC_ARC = YES;
				CLANG_ENABLE_OBJC_WEAK = YES;
				CLANG_WARN_BLOCK_CAPTURE_AUTORELEASING = YES;
				CLANG_WARN_BOOL_CONVERSION = YES;
				CLANG_WARN_COMMA = YES;
				CLANG_WARN_CONSTANT_CONVERSION = YES;
				CLANG_WARN_DEPRECATED_OBJC_IMPLEMENTATIONS = YES;
				CLANG_WARN_DIRECT_OBJC_ISA_USAGE = YES_ERROR;
				CLANG_WARN_DOCUMENTATION_COMMENTS = YES;
				CLANG_WARN_EMPTY_BODY = YES;
				CLANG_WARN_ENUM_CONVERSION = YES;
				CLANG_WARN_INFINITE_RECURSION = YES;
				CLANG_WARN_INT_CONVERSION = YES;
				CLANG_WARN_NON_LITERAL_NULL_CONVERSION = YES;
				CLANG_WARN_OBJC_IMPLICIT_RETAIN_SELF = YES;
				CLANG_WARN_OBJC_LITERAL_CONVERSION = YES;
				CLANG_WARN_OBJC_ROOT_CLASS = YES_ERROR;
				CLANG_WARN_QUOTED_INCLUDE_IN_FRAMEWORK_HEADER = YES;
				CLANG_WARN_RANGE_LOOP_ANALYSIS = YES;
				CLANG_WARN_STRICT_PROTOTYPES = YES;
				CLANG_WARN_SUSPICIOUS_MOVE = YES;
				CLANG_WARN_UNGUARDED_AVAILABILITY = YES_AGGRESSIVE;
				CLANG_WARN_UNREACHABLE_CODE = YES;
				CLANG_WARN__DUPLICATE_METHOD_MATCH = YES;
				COPY_PHASE_STRIP = NO;
				DEBUG_INFORMATION_FORMAT = dwarf;
				ENABLE_STRICT_OBJC_MSGSEND = YES;
				ENABLE_TESTABILITY = YES;
				ENABLE_USER_SCRIPT_SANDBOXING = YES;
				GCC_C_LANGUAGE_STANDARD = gnu11;
				GCC_DYNAMIC_NO_PIC = NO;
				GCC_NO_COMMON_BLOCKS = YES;
				GCC_OPTIMIZATION_LEVEL = 0;
				GCC_PREPROCESSOR_DEFINITIONS = (
					"DEBUG=1",
					"$(inherited)",
				);
				GCC_WARN_64_TO_32_BIT_CONVERSION = YES;
				GCC_WARN_ABOUT_RETURN_TYPE = YES_ERROR;
				GCC_WARN_UNDECLARED_SELECTOR = YES;
				GCC_WARN_UNINITIALIZED_AUTOS = YES_AGGRESSIVE;
				GCC_WARN_UNUSED_FUNCTION = YES;
				GCC_WARN_UNUSED_VARIABLE = YES;
				IPHONEOS_DEPLOYMENT_TARGET = 14.0;
				MTL_ENABLE_DEBUG_INFO = INCLUDE_SOURCE;
				MTL_FAST_MATH = YES;
				ONLY_ACTIVE_ARCH = YES;
				SDKROOT = iphoneos;
				SWIFT_ACTIVE_COMPILATION_CONDITIONS = DEBUG;
				SWIFT_OPTIMIZATION_LEVEL = "-Onone";
			};
			name = Debug;
		};
		180363B32AB82DCE00082F8A /* Release */ = {
			isa = XCBuildConfiguration;
			buildSettings = {
				ALWAYS_SEARCH_USER_PATHS = NO;
				CLANG_ANALYZER_NONNULL = YES;
				CLANG_ANALYZER_NUMBER_OBJECT_CONVERSION = YES_AGGRESSIVE;
				CLANG_CXX_LANGUAGE_STANDARD = "gnu++20";
				CLANG_ENABLE_MODULES = YES;
				CLANG_ENABLE_OBJC_ARC = YES;
				CLANG_ENABLE_OBJC_WEAK = YES;
				CLANG_WARN_BLOCK_CAPTURE_AUTORELEASING = YES;
				CLANG_WARN_BOOL_CONVERSION = YES;
				CLANG_WARN_COMMA = YES;
				CLANG_WARN_CONSTANT_CONVERSION = YES;
				CLANG_WARN_DEPRECATED_OBJC_IMPLEMENTATIONS = YES;
				CLANG_WARN_DIRECT_OBJC_ISA_USAGE = YES_ERROR;
				CLANG_WARN_DOCUMENTATION_COMMENTS = YES;
				CLANG_WARN_EMPTY_BODY = YES;
				CLANG_WARN_ENUM_CONVERSION = YES;
				CLANG_WARN_INFINITE_RECURSION = YES;
				CLANG_WARN_INT_CONVERSION = YES;
				CLANG_WARN_NON_LITERAL_NULL_CONVERSION = YES;
				CLANG_WARN_OBJC_IMPLICIT_RETAIN_SELF = YES;
				CLANG_WARN_OBJC_LITERAL_CONVERSION = YES;
				CLANG_WARN_OBJC_ROOT_CLASS = YES_ERROR;
				CLANG_WARN_QUOTED_INCLUDE_IN_FRAMEWORK_HEADER = YES;
				CLANG_WARN_RANGE_LOOP_ANALYSIS = YES;
				CLANG_WARN_STRICT_PROTOTYPES = YES;
				CLANG_WARN_SUSPICIOUS_MOVE = YES;
				CLANG_WARN_UNGUARDED_AVAILABILITY = YES_AGGRESSIVE;
				CLANG_WARN_UNREACHABLE_CODE = YES;
				CLANG_WARN__DUPLICATE_METHOD_MATCH = YES;
				COPY_PHASE_STRIP = NO;
				DEBUG_INFORMATION_FORMAT = "dwarf-with-dsym";
				ENABLE_NS_ASSERTIONS = NO;
				ENABLE_STRICT_OBJC_MSGSEND = YES;
				ENABLE_USER_SCRIPT_SANDBOXING = YES;
				GCC_C_LANGUAGE_STANDARD = gnu11;
				GCC_NO_COMMON_BLOCKS = YES;
				GCC_WARN_64_TO_32_BIT_CONVERSION = YES;
				GCC_WARN_ABOUT_RETURN_TYPE = YES_ERROR;
				GCC_WARN_UNDECLARED_SELECTOR = YES;
				GCC_WARN_UNINITIALIZED_AUTOS = YES_AGGRESSIVE;
				GCC_WARN_UNUSED_FUNCTION = YES;
				GCC_WARN_UNUSED_VARIABLE = YES;
				IPHONEOS_DEPLOYMENT_TARGET = 14.0;
				MTL_ENABLE_DEBUG_INFO = NO;
				MTL_FAST_MATH = YES;
				SDKROOT = iphoneos;
				SWIFT_COMPILATION_MODE = wholemodule;
				SWIFT_OPTIMIZATION_LEVEL = "-O";
				VALIDATE_PRODUCT = YES;
			};
			name = Release;
		};
		180363B52AB82DCE00082F8A /* Debug */ = {
			isa = XCBuildConfiguration;
			buildSettings = {
				ASSETCATALOG_COMPILER_APPICON_NAME = AppIcon;
				ASSETCATALOG_COMPILER_GLOBAL_ACCENT_COLOR_NAME = AccentColor;
				CODE_SIGN_ENTITLEMENTS = igoMoney/igoMoneyDebug.entitlements;
				CODE_SIGN_STYLE = Automatic;
				CURRENT_PROJECT_VERSION = 0.0;
				DEVELOPMENT_ASSET_PATHS = "\"igoMoney/Resource/Preview Content\"";
				DEVELOPMENT_TEAM = BH7V49ZZ2G;
				ENABLE_PREVIEWS = YES;
				GENERATE_INFOPLIST_FILE = YES;
				INFOPLIST_FILE = igoMoney/Info.plist;
				INFOPLIST_KEY_UIApplicationSupportsIndirectInputEvents = YES;
				INFOPLIST_KEY_UILaunchStoryboardName = "Launch Screen.storyboard";
				INFOPLIST_KEY_UISupportedInterfaceOrientations = UIInterfaceOrientationPortrait;
				INFOPLIST_KEY_UISupportedInterfaceOrientations_iPad = "UIInterfaceOrientationLandscapeLeft UIInterfaceOrientationLandscapeRight UIInterfaceOrientationPortrait UIInterfaceOrientationPortraitUpsideDown";
				IPHONEOS_DEPLOYMENT_TARGET = 14.0;
				LD_RUNPATH_SEARCH_PATHS = (
					"$(inherited)",
					"@executable_path/Frameworks",
				);
				MARKETING_VERSION = 0.0.8;
				PRODUCT_BUNDLE_IDENTIFIER = com.igo.igoMoney;
				PRODUCT_NAME = "$(TARGET_NAME)";
				SUPPORTED_PLATFORMS = "iphoneos iphonesimulator";
				SUPPORTS_MACCATALYST = NO;
				SUPPORTS_MAC_DESIGNED_FOR_IPHONE_IPAD = NO;
				SWIFT_EMIT_LOC_STRINGS = YES;
				SWIFT_VERSION = 5.0;
				TARGETED_DEVICE_FAMILY = 1;
			};
			name = Debug;
		};
		180363B62AB82DCE00082F8A /* Release */ = {
			isa = XCBuildConfiguration;
			buildSettings = {
				ASSETCATALOG_COMPILER_APPICON_NAME = AppIcon;
				ASSETCATALOG_COMPILER_GLOBAL_ACCENT_COLOR_NAME = AccentColor;
				CODE_SIGN_ENTITLEMENTS = igoMoney/igoMoney.entitlements;
				CODE_SIGN_STYLE = Automatic;
				CURRENT_PROJECT_VERSION = 999;
				DEVELOPMENT_ASSET_PATHS = "\"igoMoney/Resource/Preview Content\"";
				DEVELOPMENT_TEAM = BH7V49ZZ2G;
				ENABLE_PREVIEWS = YES;
				GENERATE_INFOPLIST_FILE = YES;
				INFOPLIST_FILE = igoMoney/Info.plist;
				INFOPLIST_KEY_UIApplicationSupportsIndirectInputEvents = YES;
				INFOPLIST_KEY_UILaunchStoryboardName = "Launch Screen.storyboard";
				INFOPLIST_KEY_UISupportedInterfaceOrientations = UIInterfaceOrientationPortrait;
				INFOPLIST_KEY_UISupportedInterfaceOrientations_iPad = "UIInterfaceOrientationLandscapeLeft UIInterfaceOrientationLandscapeRight UIInterfaceOrientationPortrait UIInterfaceOrientationPortraitUpsideDown";
				IPHONEOS_DEPLOYMENT_TARGET = 14.0;
				LD_RUNPATH_SEARCH_PATHS = (
					"$(inherited)",
					"@executable_path/Frameworks",
				);
				MARKETING_VERSION = 0.0.8;
				PRODUCT_BUNDLE_IDENTIFIER = com.igo.igoMoney;
				PRODUCT_NAME = "$(TARGET_NAME)";
				SUPPORTED_PLATFORMS = "iphoneos iphonesimulator";
				SUPPORTS_MACCATALYST = NO;
				SUPPORTS_MAC_DESIGNED_FOR_IPHONE_IPAD = NO;
				SWIFT_EMIT_LOC_STRINGS = YES;
				SWIFT_VERSION = 5.0;
				TARGETED_DEVICE_FAMILY = 1;
			};
			name = Release;
		};
/* End XCBuildConfiguration section */

/* Begin XCConfigurationList section */
		180363A12AB82DCD00082F8A /* Build configuration list for PBXProject "igoMoney" */ = {
			isa = XCConfigurationList;
			buildConfigurations = (
				180363B22AB82DCE00082F8A /* Debug */,
				180363B32AB82DCE00082F8A /* Release */,
			);
			defaultConfigurationIsVisible = 0;
			defaultConfigurationName = Debug;
		};
		180363B42AB82DCE00082F8A /* Build configuration list for PBXNativeTarget "igoMoney" */ = {
			isa = XCConfigurationList;
			buildConfigurations = (
				180363B52AB82DCE00082F8A /* Debug */,
				180363B62AB82DCE00082F8A /* Release */,
			);
			defaultConfigurationIsVisible = 0;
			defaultConfigurationName = Debug;
		};
/* End XCConfigurationList section */

/* Begin XCRemoteSwiftPackageReference section */
		180FC6852ABAFAED00DD8477 /* XCRemoteSwiftPackageReference "kakao-ios-sdk" */ = {
			isa = XCRemoteSwiftPackageReference;
			repositoryURL = "https://github.com/kakao/kakao-ios-sdk";
			requirement = {
				kind = exactVersion;
				version = 2.15.0;
			};
		};
		189A2D8C2B025204002FE343 /* XCRemoteSwiftPackageReference "firebase-ios-sdk" */ = {
			isa = XCRemoteSwiftPackageReference;
			repositoryURL = "https://github.com/firebase/firebase-ios-sdk";
			requirement = {
				kind = exactVersion;
				version = 10.17.0;
			};
		};
		18D623642AB8A8AA006EAC39 /* XCRemoteSwiftPackageReference "swift-composable-architecture" */ = {
			isa = XCRemoteSwiftPackageReference;
			repositoryURL = "https://github.com/pointfreeco/swift-composable-architecture.git";
			requirement = {
				kind = exactVersion;
				version = 1.2.0;
			};
		};
/* End XCRemoteSwiftPackageReference section */

/* Begin XCSwiftPackageProductDependency section */
		180FC6862ABAFAED00DD8477 /* KakaoSDKAuth */ = {
			isa = XCSwiftPackageProductDependency;
			package = 180FC6852ABAFAED00DD8477 /* XCRemoteSwiftPackageReference "kakao-ios-sdk" */;
			productName = KakaoSDKAuth;
		};
		180FC6882ABAFAED00DD8477 /* KakaoSDKCommon */ = {
			isa = XCSwiftPackageProductDependency;
			package = 180FC6852ABAFAED00DD8477 /* XCRemoteSwiftPackageReference "kakao-ios-sdk" */;
			productName = KakaoSDKCommon;
		};
		180FC68A2ABAFAED00DD8477 /* KakaoSDKUser */ = {
			isa = XCSwiftPackageProductDependency;
			package = 180FC6852ABAFAED00DD8477 /* XCRemoteSwiftPackageReference "kakao-ios-sdk" */;
			productName = KakaoSDKUser;
		};
		189A2D8D2B025204002FE343 /* FirebaseAnalytics */ = {
			isa = XCSwiftPackageProductDependency;
			package = 189A2D8C2B025204002FE343 /* XCRemoteSwiftPackageReference "firebase-ios-sdk" */;
			productName = FirebaseAnalytics;
		};
		189A2D8F2B025204002FE343 /* FirebaseInAppMessaging-Beta */ = {
			isa = XCSwiftPackageProductDependency;
			package = 189A2D8C2B025204002FE343 /* XCRemoteSwiftPackageReference "firebase-ios-sdk" */;
			productName = "FirebaseInAppMessaging-Beta";
		};
		189A2D912B025204002FE343 /* FirebaseInAppMessagingSwift-Beta */ = {
			isa = XCSwiftPackageProductDependency;
			package = 189A2D8C2B025204002FE343 /* XCRemoteSwiftPackageReference "firebase-ios-sdk" */;
			productName = "FirebaseInAppMessagingSwift-Beta";
		};
		189A2D932B025204002FE343 /* FirebaseInstallations */ = {
			isa = XCSwiftPackageProductDependency;
			package = 189A2D8C2B025204002FE343 /* XCRemoteSwiftPackageReference "firebase-ios-sdk" */;
			productName = FirebaseInstallations;
		};
		189A2D952B025204002FE343 /* FirebaseMLModelDownloader */ = {
			isa = XCSwiftPackageProductDependency;
			package = 189A2D8C2B025204002FE343 /* XCRemoteSwiftPackageReference "firebase-ios-sdk" */;
			productName = FirebaseMLModelDownloader;
		};
		189A2D972B025204002FE343 /* FirebaseMessaging */ = {
			isa = XCSwiftPackageProductDependency;
			package = 189A2D8C2B025204002FE343 /* XCRemoteSwiftPackageReference "firebase-ios-sdk" */;
			productName = FirebaseMessaging;
		};
		189A2D992B025204002FE343 /* FirebasePerformance */ = {
			isa = XCSwiftPackageProductDependency;
			package = 189A2D8C2B025204002FE343 /* XCRemoteSwiftPackageReference "firebase-ios-sdk" */;
			productName = FirebasePerformance;
		};
		189A2D9B2B025204002FE343 /* FirebaseRemoteConfig */ = {
			isa = XCSwiftPackageProductDependency;
			package = 189A2D8C2B025204002FE343 /* XCRemoteSwiftPackageReference "firebase-ios-sdk" */;
			productName = FirebaseRemoteConfig;
		};
		189A2D9D2B025204002FE343 /* FirebaseStorageCombine-Community */ = {
			isa = XCSwiftPackageProductDependency;
			package = 189A2D8C2B025204002FE343 /* XCRemoteSwiftPackageReference "firebase-ios-sdk" */;
			productName = "FirebaseStorageCombine-Community";
		};
		18D623652AB8A8AA006EAC39 /* ComposableArchitecture */ = {
			isa = XCSwiftPackageProductDependency;
			package = 18D623642AB8A8AA006EAC39 /* XCRemoteSwiftPackageReference "swift-composable-architecture" */;
			productName = ComposableArchitecture;
		};
/* End XCSwiftPackageProductDependency section */
	};
	rootObject = 1803639E2AB82DCD00082F8A /* Project object */;
}
